<?xml version="1.0" encoding="utf-8"?>
<Project ToolsVersion="4.0" xmlns="http://schemas.microsoft.com/developer/msbuild/2003">
  <ItemGroup>
    <Filter Include="Source Files">
      <UniqueIdentifier>{4FC737F1-C7A5-4376-A066-2A32D752A2FF}</UniqueIdentifier>
      <Extensions>cpp;c;cc;cxx;def;odl;idl;hpj;bat;asm;asmx</Extensions>
    </Filter>
    <Filter Include="Header Files">
      <UniqueIdentifier>{93995380-89BD-4b04-88EB-625FBE52EBFB}</UniqueIdentifier>
      <Extensions>h;hh;hpp;hxx;hm;inl;inc;xsd</Extensions>
    </Filter>
    <Filter Include="Resource Files">
      <UniqueIdentifier>{67DA6AB6-F800-4c08-8B7A-83BB121AAD01}</UniqueIdentifier>
      <Extensions>rc;ico;cur;bmp;dlg;rc2;rct;bin;rgs;gif;jpg;jpeg;jpe;resx;tiff;tif;png;wav;mfcribbon-ms</Extensions>
    </Filter>
    <Filter Include="Header Files\helpers">
      <UniqueIdentifier>{72f344af-9f3c-43f1-a3c3-7696ec4d74d9}</UniqueIdentifier>
    </Filter>
    <Filter Include="Header Files\descriptors">
      <UniqueIdentifier>{1ac4c178-aa1f-4c29-b9c3-f4c91710f4a4}</UniqueIdentifier>
    </Filter>
    <Filter Include="Header Files\misc">
      <UniqueIdentifier>{db3072c6-6b29-44fe-ab4c-5c937bee94d5}</UniqueIdentifier>
    </Filter>
    <Filter Include="Header Files\objects">
      <UniqueIdentifier>{f137829a-da99-4db7-a7be-41fb6495088b}</UniqueIdentifier>
    </Filter>
    <Filter Include="Header Files\states">
      <UniqueIdentifier>{ce6079b5-51ba-4de3-adb5-ccaf56222e03}</UniqueIdentifier>
    </Filter>
    <Filter Include="Source Files\descriptors">
      <UniqueIdentifier>{14d36308-a555-4c4f-a1e2-29db2f66f7bd}</UniqueIdentifier>
    </Filter>
    <Filter Include="Source Files\misc">
      <UniqueIdentifier>{bb060b2e-51d3-43f7-8e1e-8d27591b49a2}</UniqueIdentifier>
    </Filter>
    <Filter Include="Source Files\objects">
      <UniqueIdentifier>{2b2faf77-e115-4398-9e5c-a502c4ac7c09}</UniqueIdentifier>
    </Filter>
    <Filter Include="Source Files\states">
      <UniqueIdentifier>{7f21c3be-9580-415f-a719-ae5de612389d}</UniqueIdentifier>
    </Filter>
  </ItemGroup>
  <ItemGroup>
    <ClInclude Include="descriptors\attachment.h">
      <Filter>Header Files\descriptors</Filter>
    </ClInclude>
    <ClInclude Include="descriptors\descriptors.h">
      <Filter>Header Files\descriptors</Filter>
    </ClInclude>
    <ClInclude Include="descriptors\subpass.h">
      <Filter>Header Files\descriptors</Filter>
    </ClInclude>
    <ClInclude Include="helpers\stackArray.h">
      <Filter>Header Files\helpers</Filter>
    </ClInclude>
    <ClInclude Include="misc\clearValue.h">
      <Filter>Header Files\misc</Filter>
    </ClInclude>
    <ClInclude Include="misc\debugMarker.h">
      <Filter>Header Files\misc</Filter>
    </ClInclude>
    <ClInclude Include="misc\exception.h">
      <Filter>Header Files\misc</Filter>
    </ClInclude>
    <ClInclude Include="misc\extensions.h">
      <Filter>Header Files\misc</Filter>
    </ClInclude>
    <ClInclude Include="misc\format.h">
      <Filter>Header Files\misc</Filter>
    </ClInclude>
    <ClInclude Include="objects\buffer.h">
      <Filter>Header Files\objects</Filter>
    </ClInclude>
    <ClInclude Include="objects\commandBuffer.h">
      <Filter>Header Files\objects</Filter>
    </ClInclude>
    <ClInclude Include="objects\commandPool.h">
      <Filter>Header Files\objects</Filter>
    </ClInclude>
    <ClInclude Include="objects\debugObject.h">
      <Filter>Header Files\objects</Filter>
    </ClInclude>
    <ClInclude Include="objects\debugReportCallback.h">
      <Filter>Header Files\objects</Filter>
    </ClInclude>
    <ClInclude Include="objects\descriptorPool.h">
      <Filter>Header Files\objects</Filter>
    </ClInclude>
    <ClInclude Include="objects\descriptorSet.h">
      <Filter>Header Files\objects</Filter>
    </ClInclude>
    <ClInclude Include="objects\descriptorSetLayout.h">
      <Filter>Header Files\objects</Filter>
    </ClInclude>
    <ClInclude Include="objects\device.h">
      <Filter>Header Files\objects</Filter>
    </ClInclude>
    <ClInclude Include="objects\deviceMemory.h">
      <Filter>Header Files\objects</Filter>
    </ClInclude>
    <ClInclude Include="objects\event.h">
      <Filter>Header Files\objects</Filter>
    </ClInclude>
    <ClInclude Include="objects\fence.h">
      <Filter>Header Files\objects</Filter>
    </ClInclude>
    <ClInclude Include="objects\framebuffer.h">
      <Filter>Header Files\objects</Filter>
    </ClInclude>
    <ClInclude Include="objects\handle.h">
      <Filter>Header Files\objects</Filter>
    </ClInclude>
    <ClInclude Include="objects\image.h">
      <Filter>Header Files\objects</Filter>
    </ClInclude>
    <ClInclude Include="objects\imageView.h">
      <Filter>Header Files\objects</Filter>
    </ClInclude>
    <ClInclude Include="objects\indexBuffer.h">
      <Filter>Header Files\objects</Filter>
    </ClInclude>
    <ClInclude Include="objects\instance.h">
      <Filter>Header Files\objects</Filter>
    </ClInclude>
    <ClInclude Include="objects\physicalDevice.h">
      <Filter>Header Files\objects</Filter>
    </ClInclude>
    <ClInclude Include="objects\pipeline.h">
      <Filter>Header Files\objects</Filter>
    </ClInclude>
    <ClInclude Include="objects\pipelineCache.h">
      <Filter>Header Files\objects</Filter>
    </ClInclude>
    <ClInclude Include="objects\pipelineLayout.h">
      <Filter>Header Files\objects</Filter>
    </ClInclude>
    <ClInclude Include="objects\queue.h">
      <Filter>Header Files\objects</Filter>
    </ClInclude>
    <ClInclude Include="objects\renderPass.h">
      <Filter>Header Files\objects</Filter>
    </ClInclude>
    <ClInclude Include="objects\sampler.h">
      <Filter>Header Files\objects</Filter>
    </ClInclude>
    <ClInclude Include="objects\semaphore.h">
      <Filter>Header Files\objects</Filter>
    </ClInclude>
    <ClInclude Include="objects\shaderModule.h">
      <Filter>Header Files\objects</Filter>
    </ClInclude>
    <ClInclude Include="objects\stagingBuffer.h">
      <Filter>Header Files\objects</Filter>
    </ClInclude>
    <ClInclude Include="objects\surface.h">
      <Filter>Header Files\objects</Filter>
    </ClInclude>
    <ClInclude Include="objects\swapchain.h">
      <Filter>Header Files\objects</Filter>
    </ClInclude>
    <ClInclude Include="objects\vertexBuffer.h">
      <Filter>Header Files\objects</Filter>
    </ClInclude>
    <ClInclude Include="states\colorBlendState.h">
      <Filter>Header Files\states</Filter>
    </ClInclude>
    <ClInclude Include="states\depthStencilState.h">
      <Filter>Header Files\states</Filter>
    </ClInclude>
    <ClInclude Include="states\inputAssemblyState.h">
      <Filter>Header Files\states</Filter>
    </ClInclude>
    <ClInclude Include="states\multisampleState.h">
      <Filter>Header Files\states</Filter>
    </ClInclude>
    <ClInclude Include="states\rasterizationState.h">
      <Filter>Header Files\states</Filter>
    </ClInclude>
    <ClInclude Include="states\samplerState.h">
      <Filter>Header Files\states</Filter>
    </ClInclude>
    <ClInclude Include="states\tesselationState.h">
      <Filter>Header Files\states</Filter>
    </ClInclude>
    <ClInclude Include="states\vertexInputState.h">
      <Filter>Header Files\states</Filter>
    </ClInclude>
    <ClInclude Include="states\viewportState.h">
      <Filter>Header Files\states</Filter>
    </ClInclude>
    <ClInclude Include="magma.h">
      <Filter>Header Files</Filter>
    </ClInclude>
    <ClInclude Include="shared.h">
      <Filter>Header Files</Filter>
    </ClInclude>
    <ClInclude Include="objects\uniformBuffer.h">
      <Filter>Header Files\objects</Filter>
    </ClInclude>
    <ClInclude Include="objects\queryPool.h">
      <Filter>Header Files\objects</Filter>
    </ClInclude>
    <ClInclude Include="vulkan.h">
      <Filter>Header Files</Filter>
    </ClInclude>
    <ClInclude Include="objects\bufferView.h">
      <Filter>Header Files\objects</Filter>
    </ClInclude>
    <ClInclude Include="misc\viewport.h">
      <Filter>Header Files\misc</Filter>
    </ClInclude>
    <ClInclude Include="misc\scissor.h">
      <Filter>Header Files\misc</Filter>
    </ClInclude>
    <ClInclude Include="descriptors\bindings.h">
      <Filter>Header Files\descriptors</Filter>
    </ClInclude>
    <ClInclude Include="helpers\copying.h">
      <Filter>Header Files\helpers</Filter>
    </ClInclude>
    <ClInclude Include="helpers\mapScoped.h">
      <Filter>Header Files\helpers</Filter>
    </ClInclude>
    <ClInclude Include="objects\transferBuffer.h">
      <Filter>Header Files\objects</Filter>
    </ClInclude>
    <ClInclude Include="misc\imageMemoryBarrier.h">
      <Filter>Header Files\misc</Filter>
    </ClInclude>
    <ClInclude Include="objects\image2D.h">
      <Filter>Header Files\objects</Filter>
    </ClInclude>
    <ClInclude Include="objects\image2DArray.h">
      <Filter>Header Files\objects</Filter>
    </ClInclude>
    <ClInclude Include="objects\image1D.h">
      <Filter>Header Files\objects</Filter>
    </ClInclude>
    <ClInclude Include="objects\image1DArray.h">
      <Filter>Header Files\objects</Filter>
    </ClInclude>
    <ClInclude Include="objects\image3D.h">
      <Filter>Header Files\objects</Filter>
    </ClInclude>
    <ClInclude Include="misc\clearAttachment.h">
      <Filter>Header Files\misc</Filter>
    </ClInclude>
  </ItemGroup>
  <ItemGroup>
    <None Include="objects\commandBuffer.inl">
      <Filter>Header Files\objects</Filter>
    </None>
  </ItemGroup>
  <ItemGroup>
    <ClCompile Include="states\colorBlendState.cpp">
      <Filter>Source Files\states</Filter>
    </ClCompile>
    <ClCompile Include="states\depthStencilState.cpp">
      <Filter>Source Files\states</Filter>
    </ClCompile>
    <ClCompile Include="states\inputAssemblyState.cpp">
      <Filter>Source Files\states</Filter>
    </ClCompile>
    <ClCompile Include="states\multisampleState.cpp">
      <Filter>Source Files\states</Filter>
    </ClCompile>
    <ClCompile Include="states\rasterizationState.cpp">
      <Filter>Source Files\states</Filter>
    </ClCompile>
    <ClCompile Include="states\samplerState.cpp">
      <Filter>Source Files\states</Filter>
    </ClCompile>
    <ClCompile Include="states\tesselationState.cpp">
      <Filter>Source Files\states</Filter>
    </ClCompile>
    <ClCompile Include="states\vertexInputState.cpp">
      <Filter>Source Files\states</Filter>
    </ClCompile>
    <ClCompile Include="states\viewportState.cpp">
      <Filter>Source Files\states</Filter>
    </ClCompile>
    <ClCompile Include="objects\buffer.cpp">
      <Filter>Source Files\objects</Filter>
    </ClCompile>
    <ClCompile Include="objects\commandBuffer.cpp">
      <Filter>Source Files\objects</Filter>
    </ClCompile>
    <ClCompile Include="objects\commandPool.cpp">
      <Filter>Source Files\objects</Filter>
    </ClCompile>
    <ClCompile Include="objects\debugObject.cpp">
      <Filter>Source Files\objects</Filter>
    </ClCompile>
    <ClCompile Include="objects\debugReportCallback.cpp">
      <Filter>Source Files\objects</Filter>
    </ClCompile>
    <ClCompile Include="objects\descriptorPool.cpp">
      <Filter>Source Files\objects</Filter>
    </ClCompile>
    <ClCompile Include="objects\descriptorSet.cpp">
      <Filter>Source Files\objects</Filter>
    </ClCompile>
    <ClCompile Include="objects\descriptorSetLayout.cpp">
      <Filter>Source Files\objects</Filter>
    </ClCompile>
    <ClCompile Include="objects\device.cpp">
      <Filter>Source Files\objects</Filter>
    </ClCompile>
    <ClCompile Include="objects\deviceMemory.cpp">
      <Filter>Source Files\objects</Filter>
    </ClCompile>
    <ClCompile Include="objects\event.cpp">
      <Filter>Source Files\objects</Filter>
    </ClCompile>
    <ClCompile Include="objects\fence.cpp">
      <Filter>Source Files\objects</Filter>
    </ClCompile>
    <ClCompile Include="objects\framebuffer.cpp">
      <Filter>Source Files\objects</Filter>
    </ClCompile>
    <ClCompile Include="objects\image.cpp">
      <Filter>Source Files\objects</Filter>
    </ClCompile>
    <ClCompile Include="objects\imageView.cpp">
      <Filter>Source Files\objects</Filter>
    </ClCompile>
    <ClCompile Include="objects\instance.cpp">
      <Filter>Source Files\objects</Filter>
    </ClCompile>
    <ClCompile Include="objects\physicalDevice.cpp">
      <Filter>Source Files\objects</Filter>
    </ClCompile>
    <ClCompile Include="objects\pipeline.cpp">
      <Filter>Source Files\objects</Filter>
    </ClCompile>
    <ClCompile Include="objects\pipelineCache.cpp">
      <Filter>Source Files\objects</Filter>
    </ClCompile>
    <ClCompile Include="objects\pipelineLayout.cpp">
      <Filter>Source Files\objects</Filter>
    </ClCompile>
    <ClCompile Include="objects\queue.cpp">
      <Filter>Source Files\objects</Filter>
    </ClCompile>
    <ClCompile Include="objects\renderPass.cpp">
      <Filter>Source Files\objects</Filter>
    </ClCompile>
    <ClCompile Include="objects\sampler.cpp">
      <Filter>Source Files\objects</Filter>
    </ClCompile>
    <ClCompile Include="objects\semaphore.cpp">
      <Filter>Source Files\objects</Filter>
    </ClCompile>
    <ClCompile Include="objects\shaderModule.cpp">
      <Filter>Source Files\objects</Filter>
    </ClCompile>
    <ClCompile Include="objects\surface.cpp">
      <Filter>Source Files\objects</Filter>
    </ClCompile>
    <ClCompile Include="objects\swapchain.cpp">
      <Filter>Source Files\objects</Filter>
    </ClCompile>
    <ClCompile Include="misc\debugMarker.cpp">
      <Filter>Source Files\misc</Filter>
    </ClCompile>
    <ClCompile Include="misc\exception.cpp">
      <Filter>Source Files\misc</Filter>
    </ClCompile>
    <ClCompile Include="misc\extensions.cpp">
      <Filter>Source Files\misc</Filter>
    </ClCompile>
    <ClCompile Include="misc\format.cpp">
      <Filter>Source Files\misc</Filter>
    </ClCompile>
    <ClCompile Include="descriptors\attachment.cpp">
      <Filter>Source Files\descriptors</Filter>
    </ClCompile>
    <ClCompile Include="descriptors\subpass.cpp">
      <Filter>Source Files\descriptors</Filter>
    </ClCompile>
    <ClCompile Include="objects\vertexBuffer.cpp">
      <Filter>Source Files\objects</Filter>
    </ClCompile>
    <ClCompile Include="objects\indexBuffer.cpp">
      <Filter>Source Files\objects</Filter>
    </ClCompile>
    <ClCompile Include="objects\stagingBuffer.cpp">
      <Filter>Source Files\objects</Filter>
    </ClCompile>
    <ClCompile Include="objects\queryPool.cpp">
      <Filter>Source Files\objects</Filter>
    </ClCompile>
    <ClCompile Include="objects\bufferView.cpp">
      <Filter>Source Files\objects</Filter>
    </ClCompile>
    <ClCompile Include="objects\transferBuffer.cpp">
      <Filter>Source Files\objects</Filter>
    </ClCompile>
    <ClCompile Include="misc\imageMemoryBarrier.cpp">
      <Filter>Source Files\misc</Filter>
    </ClCompile>
    <ClCompile Include="objects\image2D.cpp">
      <Filter>Source Files\objects</Filter>
    </ClCompile>
    <ClCompile Include="objects\image2DArray.cpp">
      <Filter>Source Files\objects</Filter>
    </ClCompile>
    <ClCompile Include="objects\image1D.cpp">
      <Filter>Source Files\objects</Filter>
    </ClCompile>
    <ClCompile Include="objects\image3D.cpp">
      <Filter>Source Files\objects</Filter>
    </ClCompile>
    <ClCompile Include="objects\image1DArray.cpp">
      <Filter>Source Files\objects</Filter>
    </ClCompile>
  </ItemGroup>
</Project>