<?xml version="1.0" encoding="utf-8"?>
<Project ToolsVersion="4.0" xmlns="http://schemas.microsoft.com/developer/msbuild/2003">
  <ItemGroup>
    <Filter Include="Source Files">
      <UniqueIdentifier>{4FC737F1-C7A5-4376-A066-2A32D752A2FF}</UniqueIdentifier>
      <Extensions>cpp;c;cc;cxx;def;odl;idl;hpj;bat;asm;asmx</Extensions>
    </Filter>
    <Filter Include="Header Files">
      <UniqueIdentifier>{93995380-89BD-4b04-88EB-625FBE52EBFB}</UniqueIdentifier>
      <Extensions>h;hh;hpp;hxx;hm;inl;inc;xsd</Extensions>
    </Filter>
    <Filter Include="Resource Files">
      <UniqueIdentifier>{67DA6AB6-F800-4c08-8B7A-83BB121AAD01}</UniqueIdentifier>
      <Extensions>rc;ico;cur;bmp;dlg;rc2;rct;bin;rgs;gif;jpg;jpeg;jpe;resx;tiff;tif;png;wav;mfcribbon-ms</Extensions>
    </Filter>
    <Filter Include="Header Files\helpers">
      <UniqueIdentifier>{72f344af-9f3c-43f1-a3c3-7696ec4d74d9}</UniqueIdentifier>
    </Filter>
    <Filter Include="Header Files\descriptors">
      <UniqueIdentifier>{1ac4c178-aa1f-4c29-b9c3-f4c91710f4a4}</UniqueIdentifier>
    </Filter>
    <Filter Include="Header Files\misc">
      <UniqueIdentifier>{db3072c6-6b29-44fe-ab4c-5c937bee94d5}</UniqueIdentifier>
    </Filter>
    <Filter Include="Header Files\objects">
      <UniqueIdentifier>{f137829a-da99-4db7-a7be-41fb6495088b}</UniqueIdentifier>
    </Filter>
    <Filter Include="Header Files\states">
      <UniqueIdentifier>{ce6079b5-51ba-4de3-adb5-ccaf56222e03}</UniqueIdentifier>
    </Filter>
    <Filter Include="Source Files\descriptors">
      <UniqueIdentifier>{14d36308-a555-4c4f-a1e2-29db2f66f7bd}</UniqueIdentifier>
    </Filter>
    <Filter Include="Source Files\misc">
      <UniqueIdentifier>{bb060b2e-51d3-43f7-8e1e-8d27591b49a2}</UniqueIdentifier>
    </Filter>
    <Filter Include="Source Files\objects">
      <UniqueIdentifier>{2b2faf77-e115-4398-9e5c-a502c4ac7c09}</UniqueIdentifier>
    </Filter>
    <Filter Include="Source Files\states">
      <UniqueIdentifier>{7f21c3be-9580-415f-a719-ae5de612389d}</UniqueIdentifier>
    </Filter>
    <Filter Include="Header Files\allocator">
      <UniqueIdentifier>{5c6e002d-488d-4884-b8a0-de93c4efe8a1}</UniqueIdentifier>
    </Filter>
    <Filter Include="Source Files\allocator">
      <UniqueIdentifier>{9b6625c6-3df9-4388-b570-e80682bb98e5}</UniqueIdentifier>
    </Filter>
    <Filter Include="Header Files\barriers">
      <UniqueIdentifier>{99a7312e-d495-48a7-a049-fb8ef8956478}</UniqueIdentifier>
    </Filter>
    <Filter Include="Source Files\barriers">
      <UniqueIdentifier>{28129b9e-4bba-4ac8-bb73-fb88bdd4dde7}</UniqueIdentifier>
    </Filter>
    <Filter Include="Source Files\helpers">
      <UniqueIdentifier>{7a0e31f0-28af-45c3-bc57-ae2bb5449010}</UniqueIdentifier>
    </Filter>
    <Filter Include="Header Files\auxiliary">
      <UniqueIdentifier>{e443ec01-9915-4632-855f-2e3b70d9961d}</UniqueIdentifier>
    </Filter>
    <Filter Include="Source Files\auxiliary">
      <UniqueIdentifier>{7b01e8e4-37b6-4a4b-9d34-d136e8862483}</UniqueIdentifier>
    </Filter>
    <Filter Include="Source Files\auxiliary\spirv">
      <UniqueIdentifier>{c3b02838-c559-4057-8d22-d9cdadfb5920}</UniqueIdentifier>
    </Filter>
    <Filter Include="Header Files\shaders">
      <UniqueIdentifier>{e8c7631a-96b2-4ef1-9bcd-805d82a1a993}</UniqueIdentifier>
    </Filter>
    <Filter Include="Source Files\shaders">
      <UniqueIdentifier>{56134ab4-cfaa-40ec-b076-ec8c0feea20d}</UniqueIdentifier>
    </Filter>
    <Filter Include="Header Files\extensions">
      <UniqueIdentifier>{43b6ce09-f3c8-4dd6-94d3-0b11ab3b8c71}</UniqueIdentifier>
    </Filter>
    <Filter Include="Source Files\extensions">
      <UniqueIdentifier>{13307459-d655-4c21-a588-dfa1dd86ee21}</UniqueIdentifier>
    </Filter>
    <Filter Include="Header Files\core">
      <UniqueIdentifier>{7ebdbcac-4834-4c4c-afcf-c5eb5ceebe23}</UniqueIdentifier>
    </Filter>
    <Filter Include="Source Files\core">
      <UniqueIdentifier>{788fe0f5-46b7-45db-86d9-6ca8cc0ff5a3}</UniqueIdentifier>
    </Filter>
    <Filter Include="Source Files\exceptions">
      <UniqueIdentifier>{7859cd49-d97f-4f21-9c77-038bf5c5ed15}</UniqueIdentifier>
    </Filter>
    <Filter Include="Header Files\exceptions">
      <UniqueIdentifier>{ea5144b2-86bc-40ee-ad4e-6266b532f316}</UniqueIdentifier>
    </Filter>
    <Filter Include="Header Files\packed">
      <UniqueIdentifier>{7bcab66d-191b-4e8f-bf84-bd67a00c41d0}</UniqueIdentifier>
    </Filter>
    <Filter Include="Header Files\renderpass">
      <UniqueIdentifier>{26845abb-c533-45d1-9e7b-a7af13b51e3e}</UniqueIdentifier>
    </Filter>
    <Filter Include="Source Files\renderpass">
      <UniqueIdentifier>{03eea6f5-e16d-427a-ac84-2b5bd732cc35}</UniqueIdentifier>
    </Filter>
    <Filter Include="Header Files\platform">
      <UniqueIdentifier>{cd0b8547-2ee2-48f4-85b6-96c35024b377}</UniqueIdentifier>
    </Filter>
    <Filter Include="Source Files\platform">
      <UniqueIdentifier>{3f3d2ca0-c10b-4e7b-a7b0-bb41047fe765}</UniqueIdentifier>
    </Filter>
    <Filter Include="Header Files\raytracing">
      <UniqueIdentifier>{6249796a-ebcc-40e0-9c5f-231733443422}</UniqueIdentifier>
    </Filter>
    <Filter Include="Source Files\raytracing">
      <UniqueIdentifier>{9a5ffc34-27ad-476c-a069-8d038fb4ab58}</UniqueIdentifier>
    </Filter>
    <Filter Include="Header Files\objects\model">
      <UniqueIdentifier>{04b8236f-38c5-4f3b-bc8e-963c12d1cabf}</UniqueIdentifier>
    </Filter>
    <Filter Include="Source Files\objects\model">
      <UniqueIdentifier>{c815a3f0-8bcf-465b-802b-0439b54a0abf}</UniqueIdentifier>
    </Filter>
    <Filter Include="Header Files\core\hashing">
      <UniqueIdentifier>{9f739dc1-07f6-470e-ba56-79f2fa41b932}</UniqueIdentifier>
    </Filter>
  </ItemGroup>
  <ItemGroup>
    <ClInclude Include="..\..\magma.h">
      <Filter>Header Files</Filter>
    </ClInclude>
    <ClInclude Include="..\..\src\objects\accelerationStructure.h">
      <Filter>Header Files\objects</Filter>
    </ClInclude>
    <ClInclude Include="..\..\src\objects\accelerationStructureInstanceBuffer.h">
      <Filter>Header Files\objects</Filter>
    </ClInclude>
    <ClInclude Include="..\..\src\objects\buffer.h">
      <Filter>Header Files\objects</Filter>
    </ClInclude>
    <ClInclude Include="..\..\src\objects\bufferView.h">
      <Filter>Header Files\objects</Filter>
    </ClInclude>
    <ClInclude Include="..\..\src\objects\commandBuffer.h">
      <Filter>Header Files\objects</Filter>
    </ClInclude>
    <ClInclude Include="..\..\src\objects\commandPool.h">
      <Filter>Header Files\objects</Filter>
    </ClInclude>
    <ClInclude Include="..\..\src\objects\computePipeline.h">
      <Filter>Header Files\objects</Filter>
    </ClInclude>
    <ClInclude Include="..\..\src\objects\computePipelineBatch.h">
      <Filter>Header Files\objects</Filter>
    </ClInclude>
    <ClInclude Include="..\..\src\objects\conditionalRenderingBuffer.h">
      <Filter>Header Files\objects</Filter>
    </ClInclude>
    <ClInclude Include="..\..\src\objects\debugReportCallback.h">
      <Filter>Header Files\objects</Filter>
    </ClInclude>
    <ClInclude Include="..\..\src\objects\debugUtilsMessenger.h">
      <Filter>Header Files\objects</Filter>
    </ClInclude>
    <ClInclude Include="..\..\src\objects\deferredOperation.h">
      <Filter>Header Files\objects</Filter>
    </ClInclude>
    <ClInclude Include="..\..\src\objects\descriptorPool.h">
      <Filter>Header Files\objects</Filter>
    </ClInclude>
    <ClInclude Include="..\..\src\objects\descriptorSet.h">
      <Filter>Header Files\objects</Filter>
    </ClInclude>
    <ClInclude Include="..\..\src\objects\descriptorSetLayout.h">
      <Filter>Header Files\objects</Filter>
    </ClInclude>
    <ClInclude Include="..\..\src\objects\device.h">
      <Filter>Header Files\objects</Filter>
    </ClInclude>
    <ClInclude Include="..\..\src\objects\deviceMemory.h">
      <Filter>Header Files\objects</Filter>
    </ClInclude>
    <ClInclude Include="..\..\src\objects\display.h">
      <Filter>Header Files\objects</Filter>
    </ClInclude>
    <ClInclude Include="..\..\src\objects\displayMode.h">
      <Filter>Header Files\objects</Filter>
    </ClInclude>
    <ClInclude Include="..\..\src\objects\dstTransferBuffer.h">
      <Filter>Header Files\objects</Filter>
    </ClInclude>
    <ClInclude Include="..\..\src\objects\event.h">
      <Filter>Header Files\objects</Filter>
    </ClInclude>
    <ClInclude Include="..\..\src\objects\externalImage.h">
      <Filter>Header Files\objects</Filter>
    </ClInclude>
    <ClInclude Include="..\..\src\objects\fence.h">
      <Filter>Header Files\objects</Filter>
    </ClInclude>
    <ClInclude Include="..\..\src\objects\fragmentDensityMap.h">
      <Filter>Header Files\objects</Filter>
    </ClInclude>
    <ClInclude Include="..\..\src\objects\fragmentDensityMapView.h">
      <Filter>Header Files\objects</Filter>
    </ClInclude>
    <ClInclude Include="..\..\src\objects\fragmentShadingRateAttachment.h">
      <Filter>Header Files\objects</Filter>
    </ClInclude>
    <ClInclude Include="..\..\src\objects\framebuffer.h">
      <Filter>Header Files\objects</Filter>
    </ClInclude>
    <ClInclude Include="..\..\src\objects\fullScreenExclusiveSwapchain.h">
      <Filter>Header Files\objects</Filter>
    </ClInclude>
    <ClInclude Include="..\..\src\objects\graphicsPipeline.h">
      <Filter>Header Files\objects</Filter>
    </ClInclude>
    <ClInclude Include="..\..\src\objects\graphicsPipelineBatch.h">
      <Filter>Header Files\objects</Filter>
    </ClInclude>
    <ClInclude Include="..\..\src\objects\ideviceMemory.h">
      <Filter>Header Files\objects</Filter>
    </ClInclude>
    <ClInclude Include="..\..\src\objects\image.h">
      <Filter>Header Files\objects</Filter>
    </ClInclude>
    <ClInclude Include="..\..\src\objects\image1D.h">
      <Filter>Header Files\objects</Filter>
    </ClInclude>
    <ClInclude Include="..\..\src\objects\image1DArray.h">
      <Filter>Header Files\objects</Filter>
    </ClInclude>
    <ClInclude Include="..\..\src\objects\image2D.h">
      <Filter>Header Files\objects</Filter>
    </ClInclude>
    <ClInclude Include="..\..\src\objects\image2DArray.h">
      <Filter>Header Files\objects</Filter>
    </ClInclude>
    <ClInclude Include="..\..\src\objects\image3D.h">
      <Filter>Header Files\objects</Filter>
    </ClInclude>
    <ClInclude Include="..\..\src\objects\imageAttachment.h">
      <Filter>Header Files\objects</Filter>
    </ClInclude>
    <ClInclude Include="..\..\src\objects\imageCube.h">
      <Filter>Header Files\objects</Filter>
    </ClInclude>
    <ClInclude Include="..\..\src\objects\imagelessFramebuffer.h">
      <Filter>Header Files\objects</Filter>
    </ClInclude>
    <ClInclude Include="..\..\src\objects\imageView.h">
      <Filter>Header Files\objects</Filter>
    </ClInclude>
    <ClInclude Include="..\..\src\objects\indexBuffer.h">
      <Filter>Header Files\objects</Filter>
    </ClInclude>
    <ClInclude Include="..\..\src\objects\indirectBuffer.h">
      <Filter>Header Files\objects</Filter>
    </ClInclude>
    <ClInclude Include="..\..\src\objects\instance.h">
      <Filter>Header Files\objects</Filter>
    </ClInclude>
    <ClInclude Include="..\..\src\objects\managedDeviceMemory.h">
      <Filter>Header Files\objects</Filter>
    </ClInclude>
    <ClInclude Include="..\..\src\objects\mutableImage.h">
      <Filter>Header Files\objects</Filter>
    </ClInclude>
    <ClInclude Include="..\..\src\objects\mutableImageView.h">
      <Filter>Header Files\objects</Filter>
    </ClInclude>
    <ClInclude Include="..\..\src\objects\physicalDevice.h">
      <Filter>Header Files\objects</Filter>
    </ClInclude>
    <ClInclude Include="..\..\src\objects\physicalDeviceGroup.h">
      <Filter>Header Files\objects</Filter>
    </ClInclude>
    <ClInclude Include="..\..\src\objects\pipeline.h">
      <Filter>Header Files\objects</Filter>
    </ClInclude>
    <ClInclude Include="..\..\src\objects\pipelineBatch.h">
      <Filter>Header Files\objects</Filter>
    </ClInclude>
    <ClInclude Include="..\..\src\objects\pipelineCache.h">
      <Filter>Header Files\objects</Filter>
    </ClInclude>
    <ClInclude Include="..\..\src\objects\pipelineLayout.h">
      <Filter>Header Files\objects</Filter>
    </ClInclude>
    <ClInclude Include="..\..\src\objects\primaryCommandBuffer.h">
      <Filter>Header Files\objects</Filter>
    </ClInclude>
    <ClInclude Include="..\..\src\objects\privateDataSlot.h">
      <Filter>Header Files\objects</Filter>
    </ClInclude>
    <ClInclude Include="..\..\src\objects\queryPool.h">
      <Filter>Header Files\objects</Filter>
    </ClInclude>
    <ClInclude Include="..\..\src\objects\queue.h">
      <Filter>Header Files\objects</Filter>
    </ClInclude>
    <ClInclude Include="..\..\src\objects\rayTracingPipeline.h">
      <Filter>Header Files\objects</Filter>
    </ClInclude>
    <ClInclude Include="..\..\src\objects\rayTracingPipelineBatch.h">
      <Filter>Header Files\objects</Filter>
    </ClInclude>
    <ClInclude Include="..\..\src\objects\renderPass.h">
      <Filter>Header Files\objects</Filter>
    </ClInclude>
    <ClInclude Include="..\..\src\objects\resource.h">
      <Filter>Header Files\objects</Filter>
    </ClInclude>
    <ClInclude Include="..\..\src\objects\sampler.h">
      <Filter>Header Files\objects</Filter>
    </ClInclude>
    <ClInclude Include="..\..\src\objects\samplerYcbcrConversion.h">
      <Filter>Header Files\objects</Filter>
    </ClInclude>
    <ClInclude Include="..\..\src\objects\semaphore.h">
      <Filter>Header Files\objects</Filter>
    </ClInclude>
    <ClInclude Include="..\..\src\objects\shaderModule.h">
      <Filter>Header Files\objects</Filter>
    </ClInclude>
    <ClInclude Include="..\..\src\objects\srcTransferBuffer.h">
      <Filter>Header Files\objects</Filter>
    </ClInclude>
    <ClInclude Include="..\..\src\objects\storageBuffer.h">
      <Filter>Header Files\objects</Filter>
    </ClInclude>
    <ClInclude Include="..\..\src\objects\storageTexelBuffer.h">
      <Filter>Header Files\objects</Filter>
    </ClInclude>
    <ClInclude Include="..\..\src\objects\surface.h">
      <Filter>Header Files\objects</Filter>
    </ClInclude>
    <ClInclude Include="..\..\src\objects\swapchain.h">
      <Filter>Header Files\objects</Filter>
    </ClInclude>
    <ClInclude Include="..\..\src\objects\swapchainImage.h">
      <Filter>Header Files\objects</Filter>
    </ClInclude>
    <ClInclude Include="..\..\src\objects\timelineSemaphore.h">
      <Filter>Header Files\objects</Filter>
    </ClInclude>
    <ClInclude Include="..\..\src\objects\transformFeedbackBuffer.h">
      <Filter>Header Files\objects</Filter>
    </ClInclude>
    <ClInclude Include="..\..\src\objects\typedefs.h">
      <Filter>Header Files\objects</Filter>
    </ClInclude>
    <ClInclude Include="..\..\src\objects\uniformBuffer.h">
      <Filter>Header Files\objects</Filter>
    </ClInclude>
    <ClInclude Include="..\..\src\objects\uniformTexelBuffer.h">
      <Filter>Header Files\objects</Filter>
    </ClInclude>
    <ClInclude Include="..\..\src\objects\validationCache.h">
      <Filter>Header Files\objects</Filter>
    </ClInclude>
    <ClInclude Include="..\..\src\objects\vertexBuffer.h">
      <Filter>Header Files\objects</Filter>
    </ClInclude>
    <ClInclude Include="..\..\src\auxiliary\accumulationBuffer.h">
      <Filter>Header Files\auxiliary</Filter>
    </ClInclude>
    <ClInclude Include="..\..\src\auxiliary\blitRectangle.h">
      <Filter>Header Files\auxiliary</Filter>
    </ClInclude>
    <ClInclude Include="..\..\src\auxiliary\fillRectangleVertexShader.h">
      <Filter>Header Files\auxiliary</Filter>
    </ClInclude>
    <ClInclude Include="..\..\src\auxiliary\frameGrabber.h">
      <Filter>Header Files\auxiliary</Filter>
    </ClInclude>
    <ClInclude Include="..\..\src\auxiliary\generateMipmap.h">
      <Filter>Header Files\auxiliary</Filter>
    </ClInclude>
    <ClInclude Include="..\..\src\auxiliary\graphicsPipelineCache.h">
      <Filter>Header Files\auxiliary</Filter>
    </ClInclude>
    <ClInclude Include="..\..\src\auxiliary\imageDescriptorSet.h">
      <Filter>Header Files\auxiliary</Filter>
    </ClInclude>
    <ClInclude Include="..\..\src\auxiliary\immediateRender.h">
      <Filter>Header Files\auxiliary</Filter>
    </ClInclude>
    <ClInclude Include="..\..\src\auxiliary\profiler.h">
      <Filter>Header Files\auxiliary</Filter>
    </ClInclude>
    <ClInclude Include="..\..\src\auxiliary\shaderCompiler.h">
      <Filter>Header Files\auxiliary</Filter>
    </ClInclude>
    <ClInclude Include="..\..\src\auxiliary\sprite.h">
      <Filter>Header Files\auxiliary</Filter>
    </ClInclude>
    <ClInclude Include="..\..\src\auxiliary\textShader.h">
      <Filter>Header Files\auxiliary</Filter>
    </ClInclude>
    <ClInclude Include="..\..\src\auxiliary\typedefs.h">
      <Filter>Header Files\auxiliary</Filter>
    </ClInclude>
    <ClInclude Include="..\..\src\allocator\alignedAllocator.h">
      <Filter>Header Files\allocator</Filter>
    </ClInclude>
    <ClInclude Include="..\..\src\allocator\allocator.h">
      <Filter>Header Files\allocator</Filter>
    </ClInclude>
    <ClInclude Include="..\..\src\allocator\debugAlignedAllocator.h">
      <Filter>Header Files\allocator</Filter>
    </ClInclude>
    <ClInclude Include="..\..\src\allocator\deviceMemoryAllocator.h">
      <Filter>Header Files\allocator</Filter>
    </ClInclude>
    <ClInclude Include="..\..\src\barriers\bufferMemoryBarrier.h">
      <Filter>Header Files\barriers</Filter>
    </ClInclude>
    <ClInclude Include="..\..\src\barriers\imageMemoryBarrier.h">
      <Filter>Header Files\barriers</Filter>
    </ClInclude>
    <ClInclude Include="..\..\src\barriers\memoryBarrier.h">
      <Filter>Header Files\barriers</Filter>
    </ClInclude>
    <ClInclude Include="..\..\src\barriers\subpassDependency.h">
      <Filter>Header Files\barriers</Filter>
    </ClInclude>
    <ClInclude Include="..\..\src\barriers\subpassDependency2.h">
      <Filter>Header Files\barriers</Filter>
    </ClInclude>
    <ClInclude Include="..\..\src\core\core.h">
      <Filter>Header Files\core</Filter>
    </ClInclude>
    <ClInclude Include="..\..\src\core\macros.h">
      <Filter>Header Files\core</Filter>
    </ClInclude>
    <ClInclude Include="..\..\src\core\pch.h">
      <Filter>Header Files\core</Filter>
    </ClInclude>
    <ClInclude Include="..\..\src\core\refCountChecker.h">
      <Filter>Header Files\core</Filter>
    </ClInclude>
    <ClInclude Include="..\..\src\descriptors\accelerationStructure.h">
      <Filter>Header Files\descriptors</Filter>
    </ClInclude>
    <ClInclude Include="..\..\src\descriptors\bufferDescriptor.h">
      <Filter>Header Files\descriptors</Filter>
    </ClInclude>
    <ClInclude Include="..\..\src\descriptors\bufferDescriptorArray.h">
      <Filter>Header Files\descriptors</Filter>
    </ClInclude>
    <ClInclude Include="..\..\src\descriptors\descriptorPool.h">
      <Filter>Header Files\descriptors</Filter>
    </ClInclude>
    <ClInclude Include="..\..\src\descriptors\imageDescriptor.h">
      <Filter>Header Files\descriptors</Filter>
    </ClInclude>
    <ClInclude Include="..\..\src\descriptors\imageDescriptorArray.h">
      <Filter>Header Files\descriptors</Filter>
    </ClInclude>
    <ClInclude Include="..\..\src\descriptors\inlineUniformBlock.h">
      <Filter>Header Files\descriptors</Filter>
    </ClInclude>
    <ClInclude Include="..\..\src\exceptions\compileError.h">
      <Filter>Header Files\exceptions</Filter>
    </ClInclude>
    <ClInclude Include="..\..\src\exceptions\errorResult.h">
      <Filter>Header Files\exceptions</Filter>
    </ClInclude>
    <ClInclude Include="..\..\src\exceptions\exception.h">
      <Filter>Header Files\exceptions</Filter>
    </ClInclude>
    <ClInclude Include="..\..\src\exceptions\sourcelocation.h">
      <Filter>Header Files\exceptions</Filter>
    </ClInclude>
    <ClInclude Include="..\..\src\extensions\instanceExtensions.h">
      <Filter>Header Files\extensions</Filter>
    </ClInclude>
    <ClInclude Include="..\..\src\extensions\instanceLayers.h">
      <Filter>Header Files\extensions</Filter>
    </ClInclude>
    <ClInclude Include="..\..\src\helpers\alignedUniformArray.h">
      <Filter>Header Files\helpers</Filter>
    </ClInclude>
    <ClInclude Include="..\..\src\helpers\executeCommandBuffer.h">
      <Filter>Header Files\helpers</Filter>
    </ClInclude>
    <ClInclude Include="..\..\src\helpers\executeDeferredOperation.h">
      <Filter>Header Files\helpers</Filter>
    </ClInclude>
    <ClInclude Include="..\..\src\helpers\uniformArray.h">
      <Filter>Header Files\helpers</Filter>
    </ClInclude>
    <ClInclude Include="..\..\src\misc\application.h">
      <Filter>Header Files\misc</Filter>
    </ClInclude>
    <ClInclude Include="..\..\src\misc\borderColor.h">
      <Filter>Header Files\misc</Filter>
    </ClInclude>
    <ClInclude Include="..\..\src\misc\clearAttachment.h">
      <Filter>Header Files\misc</Filter>
    </ClInclude>
    <ClInclude Include="..\..\src\misc\clearValue.h">
      <Filter>Header Files\misc</Filter>
    </ClInclude>
    <ClInclude Include="..\..\src\misc\compatibility.h">
      <Filter>Header Files\misc</Filter>
    </ClInclude>
    <ClInclude Include="..\..\src\misc\deviceFaultInfo.h">
      <Filter>Header Files\misc</Filter>
    </ClInclude>
    <ClInclude Include="..\..\src\misc\deviceFeatures.h">
      <Filter>Header Files\misc</Filter>
    </ClInclude>
    <ClInclude Include="..\..\src\misc\deviceQueueDescriptor.h">
      <Filter>Header Files\misc</Filter>
    </ClInclude>
    <ClInclude Include="..\..\src\misc\extension.h">
      <Filter>Header Files\misc</Filter>
    </ClInclude>
    <ClInclude Include="..\..\src\misc\format.h">
      <Filter>Header Files\misc</Filter>
    </ClInclude>
    <ClInclude Include="..\..\src\misc\framebufferAttachmentImage.h">
      <Filter>Header Files\misc</Filter>
    </ClInclude>
    <ClInclude Include="..\..\src\misc\imageSubresourceRange.h">
      <Filter>Header Files\misc</Filter>
    </ClInclude>
    <ClInclude Include="..\..\src\misc\pipelineExecutable.h">
      <Filter>Header Files\misc</Filter>
    </ClInclude>
    <ClInclude Include="..\..\src\misc\pushConstantRange.h">
      <Filter>Header Files\misc</Filter>
    </ClInclude>
    <ClInclude Include="..\..\src\misc\scissor.h">
      <Filter>Header Files\misc</Filter>
    </ClInclude>
    <ClInclude Include="..\..\src\misc\scopedDebugMarker.h">
      <Filter>Header Files\misc</Filter>
    </ClInclude>
    <ClInclude Include="..\..\src\misc\sharing.h">
      <Filter>Header Files\misc</Filter>
    </ClInclude>
    <ClInclude Include="..\..\src\misc\structureChain.h">
      <Filter>Header Files\misc</Filter>
    </ClInclude>
    <ClInclude Include="..\..\src\misc\viewport.h">
      <Filter>Header Files\misc</Filter>
    </ClInclude>
    <ClInclude Include="..\..\src\packed\color.h">
      <Filter>Header Files\packed</Filter>
    </ClInclude>
    <ClInclude Include="..\..\src\packed\expPow2.h">
      <Filter>Header Files\packed</Filter>
    </ClInclude>
    <ClInclude Include="..\..\src\packed\ieee754.h">
      <Filter>Header Files\packed</Filter>
    </ClInclude>
    <ClInclude Include="..\..\src\packed\rcpExpPow2.h">
      <Filter>Header Files\packed</Filter>
    </ClInclude>
    <ClInclude Include="..\..\src\packed\vector.h">
      <Filter>Header Files\packed</Filter>
    </ClInclude>
    <ClInclude Include="..\..\src\renderpass\attachment.h">
      <Filter>Header Files\renderpass</Filter>
    </ClInclude>
    <ClInclude Include="..\..\src\renderpass\loadStoreOp.h">
      <Filter>Header Files\renderpass</Filter>
    </ClInclude>
    <ClInclude Include="..\..\src\renderpass\subpass.h">
      <Filter>Header Files\renderpass</Filter>
    </ClInclude>
    <ClInclude Include="..\..\src\shaders\pipelineShaderStage.h">
      <Filter>Header Files\shaders</Filter>
    </ClInclude>
    <ClInclude Include="..\..\src\shaders\rayTracingShaderGroup.h">
      <Filter>Header Files\shaders</Filter>
    </ClInclude>
    <ClInclude Include="..\..\src\shaders\shaderReflection.h">
      <Filter>Header Files\shaders</Filter>
    </ClInclude>
    <ClInclude Include="..\..\src\shaders\shaderReflectionFactory.h">
      <Filter>Header Files\shaders</Filter>
    </ClInclude>
    <ClInclude Include="..\..\src\shaders\shaderStages.h">
      <Filter>Header Files\shaders</Filter>
    </ClInclude>
    <ClInclude Include="..\..\src\shaders\specialization.h">
      <Filter>Header Files\shaders</Filter>
    </ClInclude>
    <ClInclude Include="..\..\src\states\colorBlendAttachmentState.h">
      <Filter>Header Files\states</Filter>
    </ClInclude>
    <ClInclude Include="..\..\src\states\colorBlendState.h">
      <Filter>Header Files\states</Filter>
    </ClInclude>
    <ClInclude Include="..\..\src\states\colorBlendStateAdvanced.h">
      <Filter>Header Files\states</Filter>
    </ClInclude>
    <ClInclude Include="..\..\src\states\colorLogicOpState.h">
      <Filter>Header Files\states</Filter>
    </ClInclude>
    <ClInclude Include="..\..\src\states\colorMask.h">
      <Filter>Header Files\states</Filter>
    </ClInclude>
    <ClInclude Include="..\..\src\states\conservativeRasterizationState.h">
      <Filter>Header Files\states</Filter>
    </ClInclude>
    <ClInclude Include="..\..\src\states\depthComparisonSamplerState.h">
      <Filter>Header Files\states</Filter>
    </ClInclude>
    <ClInclude Include="..\..\src\states\depthStencilState.h">
      <Filter>Header Files\states</Filter>
    </ClInclude>
    <ClInclude Include="..\..\src\states\inputAssemblyState.h">
      <Filter>Header Files\states</Filter>
    </ClInclude>
    <ClInclude Include="..\..\src\states\lineRasterizationState.h">
      <Filter>Header Files\states</Filter>
    </ClInclude>
    <ClInclude Include="..\..\src\states\minmaxSamplerState.h">
      <Filter>Header Files\states</Filter>
    </ClInclude>
    <ClInclude Include="..\..\src\states\multisampleCoverageReductionState.h">
      <Filter>Header Files\states</Filter>
    </ClInclude>
    <ClInclude Include="..\..\src\states\multisampleState.h">
      <Filter>Header Files\states</Filter>
    </ClInclude>
    <ClInclude Include="..\..\src\states\multiViewportState.h">
      <Filter>Header Files\states</Filter>
    </ClInclude>
    <ClInclude Include="..\..\src\states\provokingVertexState.h">
      <Filter>Header Files\states</Filter>
    </ClInclude>
    <ClInclude Include="..\..\src\states\rasterizationOrderState.h">
      <Filter>Header Files\states</Filter>
    </ClInclude>
    <ClInclude Include="..\..\src\states\rasterizationState.h">
      <Filter>Header Files\states</Filter>
    </ClInclude>
    <ClInclude Include="..\..\src\states\samplerState.h">
      <Filter>Header Files\states</Filter>
    </ClInclude>
    <ClInclude Include="..\..\src\states\samplerYcbcrConversionState.h">
      <Filter>Header Files\states</Filter>
    </ClInclude>
    <ClInclude Include="..\..\src\states\streamRasterizationState.h">
      <Filter>Header Files\states</Filter>
    </ClInclude>
    <ClInclude Include="..\..\src\states\tesselationState.h">
      <Filter>Header Files\states</Filter>
    </ClInclude>
    <ClInclude Include="..\..\src\states\vertexAttributeType.h">
      <Filter>Header Files\states</Filter>
    </ClInclude>
    <ClInclude Include="..\..\src\states\vertexFormat.h">
      <Filter>Header Files\states</Filter>
    </ClInclude>
    <ClInclude Include="..\..\src\states\vertexInputState.h">
      <Filter>Header Files\states</Filter>
    </ClInclude>
    <ClInclude Include="..\..\src\states\vertexInputStructure.h">
      <Filter>Header Files\states</Filter>
    </ClInclude>
    <ClInclude Include="..\..\src\states\viewportState.h">
      <Filter>Header Files\states</Filter>
    </ClInclude>
    <ClInclude Include="..\..\src\misc\imageResolve.h">
      <Filter>Header Files\misc</Filter>
    </ClInclude>
    <ClInclude Include="..\..\src\helpers\mapTyped.h">
      <Filter>Header Files\helpers</Filter>
    </ClInclude>
    <ClInclude Include="..\..\src\helpers\stringifyFlags.h">
      <Filter>Header Files\helpers</Filter>
    </ClInclude>
    <ClInclude Include="..\..\src\helpers\streamInsertOperators.h">
      <Filter>Header Files\helpers</Filter>
    </ClInclude>
    <ClInclude Include="..\..\src\helpers\enumerationCast.h">
      <Filter>Header Files\helpers</Filter>
    </ClInclude>
    <ClInclude Include="..\..\src\platform\externalFence.h">
      <Filter>Header Files\platform</Filter>
    </ClInclude>
    <ClInclude Include="..\..\src\platform\externalSemaphore.h">
      <Filter>Header Files\platform</Filter>
    </ClInclude>
    <ClInclude Include="..\..\src\platform\d3dExternalSemaphore.h">
      <Filter>Header Files\platform</Filter>
    </ClInclude>
    <ClInclude Include="..\..\src\platform\win32ExternalSemaphore.h">
      <Filter>Header Files\platform</Filter>
    </ClInclude>
    <ClInclude Include="..\..\src\platform\win32Surface.h">
      <Filter>Header Files\platform</Filter>
    </ClInclude>
    <ClInclude Include="..\..\src\platform\typedefs.h">
      <Filter>Header Files\platform</Filter>
    </ClInclude>
    <ClInclude Include="..\..\src\objects\pipelineLibrary.h">
      <Filter>Header Files\objects</Filter>
    </ClInclude>
    <ClInclude Include="..\..\src\objects\graphicsPipelineLibrary.h">
      <Filter>Header Files\objects</Filter>
    </ClInclude>
    <ClInclude Include="..\..\src\objects\computePipelineLibrary.h">
      <Filter>Header Files\objects</Filter>
    </ClInclude>
    <ClInclude Include="..\..\src\extensions\deviceExtensions.h">
      <Filter>Header Files\extensions</Filter>
    </ClInclude>
    <ClInclude Include="..\..\src\objects\dynamicUniformBuffer.h">
      <Filter>Header Files\objects</Filter>
    </ClInclude>
    <ClInclude Include="..\..\src\objects\baseUniformBuffer.h">
      <Filter>Header Files\objects</Filter>
    </ClInclude>
    <ClInclude Include="..\..\src\objects\baseDeviceMemory.h">
      <Filter>Header Files\objects</Filter>
    </ClInclude>
    <ClInclude Include="..\..\src\objects\deviceResourcePool.h">
      <Filter>Header Files\objects</Filter>
    </ClInclude>
    <ClInclude Include="..\..\src\descriptors\descriptorSetLayoutBinding.h">
      <Filter>Header Files\descriptors</Filter>
    </ClInclude>
    <ClInclude Include="..\..\src\descriptors\arrayElement.h">
      <Filter>Header Files\descriptors</Filter>
    </ClInclude>
    <ClInclude Include="..\..\src\descriptors\bufferArrayElement.h">
      <Filter>Header Files\descriptors</Filter>
    </ClInclude>
    <ClInclude Include="..\..\src\descriptors\imageArrayElement.h">
      <Filter>Header Files\descriptors</Filter>
    </ClInclude>
    <ClInclude Include="..\..\src\states\multiColorBlendState.h">
      <Filter>Header Files\states</Filter>
    </ClInclude>
    <ClInclude Include="..\..\src\raytracing\accelerationStructureGeometry.h">
      <Filter>Header Files\raytracing</Filter>
    </ClInclude>
    <ClInclude Include="..\..\src\raytracing\accelerationStructureInstance.h">
      <Filter>Header Files\raytracing</Filter>
    </ClInclude>
    <ClInclude Include="..\..\src\objects\accelerationStructureInputBuffer.h">
      <Filter>Header Files\objects</Filter>
    </ClInclude>
    <ClInclude Include="..\..\src\raytracing\address.h">
      <Filter>Header Files\raytracing</Filter>
    </ClInclude>
    <ClInclude Include="..\..\src\core\popcount.h">
      <Filter>Header Files\core</Filter>
    </ClInclude>
    <ClInclude Include="..\..\src\misc\finish.h">
      <Filter>Header Files\misc</Filter>
    </ClInclude>
    <ClInclude Include="..\..\src\helpers\layoutTransition.h">
      <Filter>Header Files\helpers</Filter>
    </ClInclude>
    <ClInclude Include="..\..\src\objects\countBuffer.h">
      <Filter>Header Files\objects</Filter>
    </ClInclude>
    <ClInclude Include="..\..\src\misc\featureQuery.h">
      <Filter>Header Files\misc</Filter>
    </ClInclude>
    <ClInclude Include="..\..\src\objects\bottomLevelStructure.h">
      <Filter>Header Files\objects</Filter>
    </ClInclude>
    <ClInclude Include="..\..\src\objects\topLevelStructure.h">
      <Filter>Header Files\objects</Filter>
    </ClInclude>
    <ClInclude Include="..\..\src\raytracing\accelerationStructureHeader.h">
      <Filter>Header Files\raytracing</Filter>
    </ClInclude>
    <ClInclude Include="..\..\src\shaders\shaderGroup.h">
      <Filter>Header Files\shaders</Filter>
    </ClInclude>
    <ClInclude Include="..\..\src\shaders\shaderBindingTable.h">
      <Filter>Header Files\shaders</Filter>
    </ClInclude>
    <ClInclude Include="..\..\src\objects\model\deviceChild.h">
      <Filter>Header Files\objects\model</Filter>
    </ClInclude>
    <ClInclude Include="..\..\src\objects\model\dispatchable.h">
      <Filter>Header Files\objects\model</Filter>
    </ClInclude>
    <ClInclude Include="..\..\src\objects\model\iobject.h">
      <Filter>Header Files\objects\model</Filter>
    </ClInclude>
    <ClInclude Include="..\..\src\objects\model\nondispatchable.h">
      <Filter>Header Files\objects\model</Filter>
    </ClInclude>
    <ClInclude Include="..\..\src\objects\model\object.h">
      <Filter>Header Files\objects\model</Filter>
    </ClInclude>
    <ClInclude Include="..\..\src\objects\model\objectType.h">
      <Filter>Header Files\objects\model</Filter>
    </ClInclude>
    <ClInclude Include="..\..\src\objects\variableCountDescriptorSet.h">
      <Filter>Header Files\objects</Filter>
    </ClInclude>
    <ClInclude Include="..\..\src\descriptors\imageDescriptorVariableArray.h">
      <Filter>Header Files\descriptors</Filter>
    </ClInclude>
    <ClInclude Include="..\..\src\core\variantPtr.h">
      <Filter>Header Files\core</Filter>
    </ClInclude>
    <ClInclude Include="..\..\src\objects\leanCommandBuffer.h">
      <Filter>Header Files\objects</Filter>
    </ClInclude>
    <ClInclude Include="..\..\src\objects\model\iresource.h">
      <Filter>Header Files\objects\model</Filter>
    </ClInclude>
    <ClInclude Include="..\..\src\core\lentPtr.h">
      <Filter>Header Files\core</Filter>
    </ClInclude>
    <ClInclude Include="..\..\src\misc\mapUniform.h">
      <Filter>Header Files\misc</Filter>
    </ClInclude>
    <ClInclude Include="..\..\src\misc\mapImage.h">
      <Filter>Header Files\misc</Filter>
    </ClInclude>
    <ClInclude Include="..\..\src\misc\mapBuffer.h">
      <Filter>Header Files\misc</Filter>
    </ClInclude>
    <ClInclude Include="..\..\src\core\defines.h">
      <Filter>Header Files\core</Filter>
    </ClInclude>
    <ClInclude Include="..\..\src\auxiliary\framebuffer.h">
      <Filter>Header Files\auxiliary</Filter>
    </ClInclude>
    <ClInclude Include="..\..\src\packed\horzor.inl">
      <Filter>Header Files\packed</Filter>
    </ClInclude>
    <ClInclude Include="..\..\src\objects\multiviewRenderPass.h">
      <Filter>Header Files\objects</Filter>
    </ClInclude>
    <ClInclude Include="..\..\src\core\hashing\constexpr.h">
      <Filter>Header Files\core\hashing</Filter>
    </ClInclude>
    <ClInclude Include="..\..\src\core\hashing\fnv1.h">
      <Filter>Header Files\core\hashing</Filter>
    </ClInclude>
    <ClInclude Include="..\..\src\core\hashing\fnv1string.h">
      <Filter>Header Files\core\hashing</Filter>
    </ClInclude>
    <ClInclude Include="..\..\src\exceptions\errorHandler.h">
      <Filter>Header Files\exceptions</Filter>
    </ClInclude>
    <ClInclude Include="..\..\src\extensions\extensionRegistry.h">
      <Filter>Header Files\extensions</Filter>
    </ClInclude>
    <ClInclude Include="..\..\src\objects\baseCountBuffer.h">
      <Filter>Header Files\objects</Filter>
    </ClInclude>
    <ClInclude Include="..\..\src\extensions\deviceLayers.h">
      <Filter>Header Files\extensions</Filter>
    </ClInclude>
    <ClInclude Include="..\..\src\core\spinlock.h">
      <Filter>Header Files\core</Filter>
    </ClInclude>
    <ClInclude Include="..\..\src\states\formattedOutput.h">
      <Filter>Header Files\states</Filter>
    </ClInclude>
    <ClInclude Include="..\..\src\exceptions\reflectionError.h">
      <Filter>Header Files\exceptions</Filter>
    </ClInclude>
    <ClInclude Include="..\..\src\exceptions\spirvError.h">
      <Filter>Header Files\exceptions</Filter>
    </ClInclude>
    <ClInclude Include="..\..\src\auxiliary\profiler.inl">
      <Filter>Header Files\auxiliary</Filter>
    </ClInclude>
    <ClInclude Include="..\..\src\raytracing\accelerationStructureTriangleCluster.h">
      <Filter>Header Files\raytracing</Filter>
    </ClInclude>
    <ClInclude Include="..\..\src\raytracing\accelerationStructureTriangleCluster.inl">
      <Filter>Header Files\raytracing</Filter>
    </ClInclude>
    <ClInclude Include="..\..\src\objects\clusterAccelerationStructure.h">
      <Filter>Header Files\objects</Filter>
    </ClInclude>
  </ItemGroup>
  <ItemGroup>
    <ClCompile Include="..\..\src\magma.cpp">
      <Filter>Source Files</Filter>
    </ClCompile>
    <ClCompile Include="..\..\src\objects\accelerationStructure.cpp">
      <Filter>Source Files\objects</Filter>
    </ClCompile>
    <ClCompile Include="..\..\src\objects\baseDeviceMemory.cpp">
      <Filter>Source Files\objects</Filter>
    </ClCompile>
    <ClCompile Include="..\..\src\objects\buffer.cpp">
      <Filter>Source Files\objects</Filter>
    </ClCompile>
    <ClCompile Include="..\..\src\objects\bufferView.cpp">
      <Filter>Source Files\objects</Filter>
    </ClCompile>
    <ClCompile Include="..\..\src\objects\commandBuffer.cpp">
      <Filter>Source Files\objects</Filter>
    </ClCompile>
    <ClCompile Include="..\..\src\objects\commandBufferDebug.cpp">
      <Filter>Source Files\objects</Filter>
    </ClCompile>
    <ClCompile Include="..\..\src\objects\commandPool.cpp">
      <Filter>Source Files\objects</Filter>
    </ClCompile>
    <ClCompile Include="..\..\src\objects\computePipeline.cpp">
      <Filter>Source Files\objects</Filter>
    </ClCompile>
    <ClCompile Include="..\..\src\objects\computePipelineBatch.cpp">
      <Filter>Source Files\objects</Filter>
    </ClCompile>
    <ClCompile Include="..\..\src\objects\conditionalRenderingBuffer.cpp">
      <Filter>Source Files\objects</Filter>
    </ClCompile>
    <ClCompile Include="..\..\src\objects\debugReportCallback.cpp">
      <Filter>Source Files\objects</Filter>
    </ClCompile>
    <ClCompile Include="..\..\src\objects\debugUtilsMessenger.cpp">
      <Filter>Source Files\objects</Filter>
    </ClCompile>
    <ClCompile Include="..\..\src\objects\deferredOperation.cpp">
      <Filter>Source Files\objects</Filter>
    </ClCompile>
    <ClCompile Include="..\..\src\objects\descriptorPool.cpp">
      <Filter>Source Files\objects</Filter>
    </ClCompile>
    <ClCompile Include="..\..\src\objects\descriptorSet.cpp">
      <Filter>Source Files\objects</Filter>
    </ClCompile>
    <ClCompile Include="..\..\src\objects\descriptorSetLayout.cpp">
      <Filter>Source Files\objects</Filter>
    </ClCompile>
    <ClCompile Include="..\..\src\objects\device.cpp">
      <Filter>Source Files\objects</Filter>
    </ClCompile>
    <ClCompile Include="..\..\src\objects\deviceMemory.cpp">
      <Filter>Source Files\objects</Filter>
    </ClCompile>
    <ClCompile Include="..\..\src\objects\display.cpp">
      <Filter>Source Files\objects</Filter>
    </ClCompile>
    <ClCompile Include="..\..\src\objects\displayMode.cpp">
      <Filter>Source Files\objects</Filter>
    </ClCompile>
    <ClCompile Include="..\..\src\objects\dstTransferBuffer.cpp">
      <Filter>Source Files\objects</Filter>
    </ClCompile>
    <ClCompile Include="..\..\src\objects\event.cpp">
      <Filter>Source Files\objects</Filter>
    </ClCompile>
    <ClCompile Include="..\..\src\objects\externalImage.cpp">
      <Filter>Source Files\objects</Filter>
    </ClCompile>
    <ClCompile Include="..\..\src\objects\fence.cpp">
      <Filter>Source Files\objects</Filter>
    </ClCompile>
    <ClCompile Include="..\..\src\objects\fragmentDensityMap.cpp">
      <Filter>Source Files\objects</Filter>
    </ClCompile>
    <ClCompile Include="..\..\src\objects\fragmentDensityMapView.cpp">
      <Filter>Source Files\objects</Filter>
    </ClCompile>
    <ClCompile Include="..\..\src\objects\fragmentShadingRateAttachment.cpp">
      <Filter>Source Files\objects</Filter>
    </ClCompile>
    <ClCompile Include="..\..\src\objects\framebuffer.cpp">
      <Filter>Source Files\objects</Filter>
    </ClCompile>
    <ClCompile Include="..\..\src\objects\fullScreenExclusiveSwapchain.cpp">
      <Filter>Source Files\objects</Filter>
    </ClCompile>
    <ClCompile Include="..\..\src\objects\graphicsPipeline.cpp">
      <Filter>Source Files\objects</Filter>
    </ClCompile>
    <ClCompile Include="..\..\src\objects\graphicsPipelineBatch.cpp">
      <Filter>Source Files\objects</Filter>
    </ClCompile>
    <ClCompile Include="..\..\src\objects\image.cpp">
      <Filter>Source Files\objects</Filter>
    </ClCompile>
    <ClCompile Include="..\..\src\objects\image1D.cpp">
      <Filter>Source Files\objects</Filter>
    </ClCompile>
    <ClCompile Include="..\..\src\objects\image1DArray.cpp">
      <Filter>Source Files\objects</Filter>
    </ClCompile>
    <ClCompile Include="..\..\src\objects\image2D.cpp">
      <Filter>Source Files\objects</Filter>
    </ClCompile>
    <ClCompile Include="..\..\src\objects\image2DArray.cpp">
      <Filter>Source Files\objects</Filter>
    </ClCompile>
    <ClCompile Include="..\..\src\objects\image3D.cpp">
      <Filter>Source Files\objects</Filter>
    </ClCompile>
    <ClCompile Include="..\..\src\objects\imageAttachment.cpp">
      <Filter>Source Files\objects</Filter>
    </ClCompile>
    <ClCompile Include="..\..\src\objects\imageCube.cpp">
      <Filter>Source Files\objects</Filter>
    </ClCompile>
    <ClCompile Include="..\..\src\objects\imagelessFramebuffer.cpp">
      <Filter>Source Files\objects</Filter>
    </ClCompile>
    <ClCompile Include="..\..\src\objects\imageView.cpp">
      <Filter>Source Files\objects</Filter>
    </ClCompile>
    <ClCompile Include="..\..\src\objects\indexBuffer.cpp">
      <Filter>Source Files\objects</Filter>
    </ClCompile>
    <ClCompile Include="..\..\src\objects\indirectBuffer.cpp">
      <Filter>Source Files\objects</Filter>
    </ClCompile>
    <ClCompile Include="..\..\src\objects\instance.cpp">
      <Filter>Source Files\objects</Filter>
    </ClCompile>
    <ClCompile Include="..\..\src\objects\managedDeviceMemory.cpp">
      <Filter>Source Files\objects</Filter>
    </ClCompile>
    <ClCompile Include="..\..\src\objects\mutableImage.cpp">
      <Filter>Source Files\objects</Filter>
    </ClCompile>
    <ClCompile Include="..\..\src\objects\mutableImageView.cpp">
      <Filter>Source Files\objects</Filter>
    </ClCompile>
    <ClCompile Include="..\..\src\objects\physicalDevice.cpp">
      <Filter>Source Files\objects</Filter>
    </ClCompile>
    <ClCompile Include="..\..\src\objects\physicalDeviceFeatures.cpp">
      <Filter>Source Files\objects</Filter>
    </ClCompile>
    <ClCompile Include="..\..\src\objects\physicalDeviceGroup.cpp">
      <Filter>Source Files\objects</Filter>
    </ClCompile>
    <ClCompile Include="..\..\src\objects\pipeline.cpp">
      <Filter>Source Files\objects</Filter>
    </ClCompile>
    <ClCompile Include="..\..\src\objects\pipelineCache.cpp">
      <Filter>Source Files\objects</Filter>
    </ClCompile>
    <ClCompile Include="..\..\src\objects\pipelineLayout.cpp">
      <Filter>Source Files\objects</Filter>
    </ClCompile>
    <ClCompile Include="..\..\src\objects\primaryCommandBuffer.cpp">
      <Filter>Source Files\objects</Filter>
    </ClCompile>
    <ClCompile Include="..\..\src\objects\privateDataSlot.cpp">
      <Filter>Source Files\objects</Filter>
    </ClCompile>
    <ClCompile Include="..\..\src\objects\queryPool.cpp">
      <Filter>Source Files\objects</Filter>
    </ClCompile>
    <ClCompile Include="..\..\src\objects\queue.cpp">
      <Filter>Source Files\objects</Filter>
    </ClCompile>
    <ClCompile Include="..\..\src\objects\rayTracingPipeline.cpp">
      <Filter>Source Files\objects</Filter>
    </ClCompile>
    <ClCompile Include="..\..\src\objects\rayTracingPipelineBatch.cpp">
      <Filter>Source Files\objects</Filter>
    </ClCompile>
    <ClCompile Include="..\..\src\objects\renderPass.cpp">
      <Filter>Source Files\objects</Filter>
    </ClCompile>
    <ClCompile Include="..\..\src\objects\sampler.cpp">
      <Filter>Source Files\objects</Filter>
    </ClCompile>
    <ClCompile Include="..\..\src\objects\samplerYcbcrConversion.cpp">
      <Filter>Source Files\objects</Filter>
    </ClCompile>
    <ClCompile Include="..\..\src\objects\semaphore.cpp">
      <Filter>Source Files\objects</Filter>
    </ClCompile>
    <ClCompile Include="..\..\src\objects\shaderModule.cpp">
      <Filter>Source Files\objects</Filter>
    </ClCompile>
    <ClCompile Include="..\..\src\objects\srcTransferBuffer.cpp">
      <Filter>Source Files\objects</Filter>
    </ClCompile>
    <ClCompile Include="..\..\src\objects\storageBuffer.cpp">
      <Filter>Source Files\objects</Filter>
    </ClCompile>
    <ClCompile Include="..\..\src\objects\storageTexelBuffer.cpp">
      <Filter>Source Files\objects</Filter>
    </ClCompile>
    <ClCompile Include="..\..\src\objects\surface.cpp">
      <Filter>Source Files\objects</Filter>
    </ClCompile>
    <ClCompile Include="..\..\src\objects\swapchain.cpp">
      <Filter>Source Files\objects</Filter>
    </ClCompile>
    <ClCompile Include="..\..\src\objects\swapchainImage.cpp">
      <Filter>Source Files\objects</Filter>
    </ClCompile>
    <ClCompile Include="..\..\src\objects\timelineSemaphore.cpp">
      <Filter>Source Files\objects</Filter>
    </ClCompile>
    <ClCompile Include="..\..\src\objects\transformFeedbackBuffer.cpp">
      <Filter>Source Files\objects</Filter>
    </ClCompile>
    <ClCompile Include="..\..\src\objects\uniformTexelBuffer.cpp">
      <Filter>Source Files\objects</Filter>
    </ClCompile>
    <ClCompile Include="..\..\src\objects\validationCache.cpp">
      <Filter>Source Files\objects</Filter>
    </ClCompile>
    <ClCompile Include="..\..\src\objects\vertexBuffer.cpp">
      <Filter>Source Files\objects</Filter>
    </ClCompile>
    <ClCompile Include="..\..\src\allocator\alignedAllocator.cpp">
      <Filter>Source Files\allocator</Filter>
    </ClCompile>
    <ClCompile Include="..\..\src\allocator\allocationCallbacks.cpp">
      <Filter>Source Files\allocator</Filter>
    </ClCompile>
    <ClCompile Include="..\..\src\allocator\debugAlignedAllocator.cpp">
      <Filter>Source Files\allocator</Filter>
    </ClCompile>
    <ClCompile Include="..\..\src\allocator\deviceMemoryAllocator.cpp">
      <Filter>Source Files\allocator</Filter>
    </ClCompile>
    <ClCompile Include="..\..\src\barriers\imageMemoryBarrier.cpp">
      <Filter>Source Files\barriers</Filter>
    </ClCompile>
    <ClCompile Include="..\..\src\core\pch.cpp">
      <Filter>Source Files\core</Filter>
    </ClCompile>
    <ClCompile Include="..\..\src\descriptors\accelerationStructureDescriptor.cpp">
      <Filter>Source Files\descriptors</Filter>
    </ClCompile>
    <ClCompile Include="..\..\src\descriptors\bufferDescriptor.cpp">
      <Filter>Source Files\descriptors</Filter>
    </ClCompile>
    <ClCompile Include="..\..\src\descriptors\imageDescriptor.cpp">
      <Filter>Source Files\descriptors</Filter>
    </ClCompile>
    <ClCompile Include="..\..\src\exceptions\errorResult.cpp">
      <Filter>Source Files\exceptions</Filter>
    </ClCompile>
    <ClCompile Include="..\..\src\extensions\instanceExtensions.cpp">
      <Filter>Source Files\extensions</Filter>
    </ClCompile>
    <ClCompile Include="..\..\src\extensions\instanceLayers.cpp">
      <Filter>Source Files\extensions</Filter>
    </ClCompile>
    <ClCompile Include="..\..\src\helpers\executeCommandBuffer.cpp">
      <Filter>Source Files\helpers</Filter>
    </ClCompile>
    <ClCompile Include="..\..\src\helpers\executeDeferredOperation.cpp">
      <Filter>Source Files\helpers</Filter>
    </ClCompile>
    <ClCompile Include="..\..\src\misc\application.cpp">
      <Filter>Source Files\misc</Filter>
    </ClCompile>
    <ClCompile Include="..\..\src\misc\deviceFaultInfo.cpp">
      <Filter>Source Files\misc</Filter>
    </ClCompile>
    <ClCompile Include="..\..\src\misc\deviceFeatures.cpp">
      <Filter>Source Files\misc</Filter>
    </ClCompile>
    <ClCompile Include="..\..\src\misc\deviceQueueDescriptor.cpp">
      <Filter>Source Files\misc</Filter>
    </ClCompile>
    <ClCompile Include="..\..\src\misc\format.cpp">
      <Filter>Source Files\misc</Filter>
    </ClCompile>
    <ClCompile Include="..\..\src\misc\framebufferAttachmentImage.cpp">
      <Filter>Source Files\misc</Filter>
    </ClCompile>
    <ClCompile Include="..\..\src\misc\pipelineExecutable.cpp">
      <Filter>Source Files\misc</Filter>
    </ClCompile>
    <ClCompile Include="..\..\src\misc\scopedDebugMarker.cpp">
      <Filter>Source Files\misc</Filter>
    </ClCompile>
    <ClCompile Include="..\..\src\misc\sharing.cpp">
      <Filter>Source Files\misc</Filter>
    </ClCompile>
    <ClCompile Include="..\..\src\misc\structureChain.cpp">
      <Filter>Source Files\misc</Filter>
    </ClCompile>
    <ClCompile Include="..\..\src\renderpass\subpass.cpp">
      <Filter>Source Files\renderpass</Filter>
    </ClCompile>
    <ClCompile Include="..\..\src\shaders\pipelineShaderStage.cpp">
      <Filter>Source Files\shaders</Filter>
    </ClCompile>
    <ClCompile Include="..\..\src\shaders\shaderReflection.cpp">
      <Filter>Source Files\shaders</Filter>
    </ClCompile>
    <ClCompile Include="..\..\src\shaders\specialization.cpp">
      <Filter>Source Files\shaders</Filter>
    </ClCompile>
    <ClCompile Include="..\..\src\third-party\SPIRV-Reflect\spirv_reflect.c">
      <Filter>Source Files\shaders</Filter>
    </ClCompile>
    <ClCompile Include="..\..\src\states\colorBlendStateAdvanced.cpp">
      <Filter>Source Files\states</Filter>
    </ClCompile>
    <ClCompile Include="..\..\src\states\multisampleState.cpp">
      <Filter>Source Files\states</Filter>
    </ClCompile>
    <ClCompile Include="..\..\src\states\multiViewportState.cpp">
      <Filter>Source Files\states</Filter>
    </ClCompile>
    <ClCompile Include="..\..\src\states\rasterizationState.cpp">
      <Filter>Source Files\states</Filter>
    </ClCompile>
    <ClCompile Include="..\..\src\states\vertexInputState.cpp">
      <Filter>Source Files\states</Filter>
    </ClCompile>
    <ClCompile Include="..\..\src\states\vertexInputStructure.cpp">
      <Filter>Source Files\states</Filter>
    </ClCompile>
    <ClCompile Include="..\..\src\states\viewportState.cpp">
      <Filter>Source Files\states</Filter>
    </ClCompile>
    <ClCompile Include="..\..\src\auxiliary\accumulationBuffer.cpp">
      <Filter>Source Files\auxiliary</Filter>
    </ClCompile>
    <ClCompile Include="..\..\src\auxiliary\blitRectangle.cpp">
      <Filter>Source Files\auxiliary</Filter>
    </ClCompile>
    <ClCompile Include="..\..\src\auxiliary\fillRectangleVertexShader.cpp">
      <Filter>Source Files\auxiliary</Filter>
    </ClCompile>
    <ClCompile Include="..\..\src\auxiliary\frameGrabber.cpp">
      <Filter>Source Files\auxiliary</Filter>
    </ClCompile>
    <ClCompile Include="..\..\src\auxiliary\generateMipmap.cpp">
      <Filter>Source Files\auxiliary</Filter>
    </ClCompile>
    <ClCompile Include="..\..\src\auxiliary\graphicsPipelineCache.cpp">
      <Filter>Source Files\auxiliary</Filter>
    </ClCompile>
    <ClCompile Include="..\..\src\auxiliary\imageDescriptorSet.cpp">
      <Filter>Source Files\auxiliary</Filter>
    </ClCompile>
    <ClCompile Include="..\..\src\auxiliary\immediateRender.cpp">
      <Filter>Source Files\auxiliary</Filter>
    </ClCompile>
    <ClCompile Include="..\..\src\auxiliary\profiler.cpp">
      <Filter>Source Files\auxiliary</Filter>
    </ClCompile>
    <ClCompile Include="..\..\src\auxiliary\shaderCompiler.cpp">
      <Filter>Source Files\auxiliary</Filter>
    </ClCompile>
    <ClCompile Include="..\..\src\auxiliary\sprite.cpp">
      <Filter>Source Files\auxiliary</Filter>
    </ClCompile>
    <ClCompile Include="..\..\src\auxiliary\textShader.cpp">
      <Filter>Source Files\auxiliary</Filter>
    </ClCompile>
    <ClCompile Include="..\..\src\helpers\streamInsertOperators.cpp">
      <Filter>Source Files\helpers</Filter>
    </ClCompile>
    <ClCompile Include="..\..\src\helpers\stringifyFlags.cpp">
      <Filter>Source Files\helpers</Filter>
    </ClCompile>
    <ClCompile Include="..\..\src\states\formattedOutput.cpp">
      <Filter>Source Files\states</Filter>
    </ClCompile>
    <ClCompile Include="..\..\src\objects\pipelineBatch.cpp">
      <Filter>Source Files\objects</Filter>
    </ClCompile>
    <ClCompile Include="..\..\src\platform\externalFence.cpp">
      <Filter>Source Files\platform</Filter>
    </ClCompile>
    <ClCompile Include="..\..\src\platform\externalSemaphore.cpp">
      <Filter>Source Files\platform</Filter>
    </ClCompile>
    <ClCompile Include="..\..\src\platform\d3dExternalSemaphore.cpp">
      <Filter>Source Files\platform</Filter>
    </ClCompile>
    <ClCompile Include="..\..\src\platform\win32ExternalSemaphore.cpp">
      <Filter>Source Files\platform</Filter>
    </ClCompile>
    <ClCompile Include="..\..\src\platform\win32Surface.cpp">
      <Filter>Source Files\platform</Filter>
    </ClCompile>
    <ClCompile Include="..\..\src\objects\pipelineLibrary.cpp">
      <Filter>Source Files\objects</Filter>
    </ClCompile>
    <ClCompile Include="..\..\src\objects\graphicsPipelineLibrary.cpp">
      <Filter>Source Files\objects</Filter>
    </ClCompile>
    <ClCompile Include="..\..\src\objects\computePipelineLibrary.cpp">
      <Filter>Source Files\objects</Filter>
    </ClCompile>
    <ClCompile Include="..\..\src\extensions\deviceExtensions.cpp">
      <Filter>Source Files\extensions</Filter>
    </ClCompile>
    <ClCompile Include="..\..\src\objects\dynamicUniformBuffer.cpp">
      <Filter>Source Files\objects</Filter>
    </ClCompile>
    <ClCompile Include="..\..\src\objects\baseUniformBuffer.cpp">
      <Filter>Source Files\objects</Filter>
    </ClCompile>
    <ClCompile Include="..\..\src\objects\deviceResourcePool.cpp">
      <Filter>Source Files\objects</Filter>
    </ClCompile>
    <ClCompile Include="..\..\src\states\multiColorBlendState.cpp">
      <Filter>Source Files\states</Filter>
    </ClCompile>
    <ClCompile Include="..\..\src\objects\accelerationStructureInputBuffer.cpp">
      <Filter>Source Files\objects</Filter>
    </ClCompile>
    <ClCompile Include="..\..\src\misc\finish.cpp">
      <Filter>Source Files\misc</Filter>
    </ClCompile>
    <ClCompile Include="..\..\src\helpers\layoutTransition.cpp">
      <Filter>Source Files\helpers</Filter>
    </ClCompile>
    <ClCompile Include="..\..\src\objects\countBuffer.cpp">
      <Filter>Source Files\objects</Filter>
    </ClCompile>
    <ClCompile Include="..\..\src\misc\featureQuery.cpp">
      <Filter>Source Files\misc</Filter>
    </ClCompile>
    <ClCompile Include="..\..\src\raytracing\accelerationStructureGeometry.cpp">
      <Filter>Source Files\raytracing</Filter>
    </ClCompile>
    <ClCompile Include="..\..\src\objects\bottomLevelStructure.cpp">
      <Filter>Source Files\objects</Filter>
    </ClCompile>
    <ClCompile Include="..\..\src\objects\topLevelStructure.cpp">
      <Filter>Source Files\objects</Filter>
    </ClCompile>
    <ClCompile Include="..\..\src\shaders\shaderGroup.cpp">
      <Filter>Source Files\shaders</Filter>
    </ClCompile>
    <ClCompile Include="..\..\src\shaders\shaderBindingTable.cpp">
      <Filter>Source Files\shaders</Filter>
    </ClCompile>
    <ClCompile Include="..\..\src\objects\model\deviceChild.cpp">
      <Filter>Source Files\objects\model</Filter>
    </ClCompile>
    <ClCompile Include="..\..\src\objects\variableCountDescriptorSet.cpp">
      <Filter>Source Files\objects</Filter>
    </ClCompile>
    <ClCompile Include="..\..\src\objects\leanCommandBuffer.cpp">
      <Filter>Source Files\objects</Filter>
    </ClCompile>
    <ClCompile Include="..\..\src\auxiliary\auxframebuffer.cpp">
      <Filter>Source Files\auxiliary</Filter>
    </ClCompile>
    <ClCompile Include="..\..\src\objects\multiviewRenderPass.cpp">
      <Filter>Source Files\objects</Filter>
    </ClCompile>
    <ClCompile Include="..\..\src\exceptions\errorHandler.cpp">
      <Filter>Source Files\exceptions</Filter>
    </ClCompile>
    <ClCompile Include="..\..\src\objects\baseCountBuffer.cpp">
      <Filter>Source Files\objects</Filter>
    </ClCompile>
    <ClCompile Include="..\..\src\extensions\deviceLayers.cpp">
      <Filter>Source Files\extensions</Filter>
    </ClCompile>
    <ClCompile Include="..\..\src\exceptions\reflectionError.cpp">
      <Filter>Source Files\exceptions</Filter>
    </ClCompile>
    <ClCompile Include="..\..\src\exceptions\spirvError.cpp">
      <Filter>Source Files\exceptions</Filter>
    </ClCompile>
    <ClCompile Include="..\..\src\objects\resource.cpp">
      <Filter>Source Files\objects</Filter>
    </ClCompile>
    <ClCompile Include="..\..\src\objects\clusterAccelerationStructure.cpp">
      <Filter>Source Files\objects</Filter>
    </ClCompile>
  </ItemGroup>
  <ItemGroup>
    <None Include="..\..\src\objects\commandBuffer.inl">
      <Filter>Header Files\objects</Filter>
    </None>
    <None Include="..\..\src\objects\device.inl">
      <Filter>Header Files\objects</Filter>
    </None>
    <None Include="..\..\src\objects\indirectBuffer.inl">
      <Filter>Header Files\objects</Filter>
    </None>
    <None Include="..\..\src\objects\pipeline.inl">
      <Filter>Header Files\objects</Filter>
    </None>
    <None Include="..\..\src\objects\pipelineBatch.inl">
      <Filter>Header Files\objects</Filter>
    </None>
    <None Include="..\..\src\objects\pipelineLayout.inl">
      <Filter>Header Files\objects</Filter>
    </None>
    <None Include="..\..\src\objects\queryPool.inl">
      <Filter>Header Files\objects</Filter>
    </None>
    <None Include="..\..\src\objects\shaderModule.inl">
      <Filter>Header Files\objects</Filter>
    </None>
    <None Include="..\..\src\auxiliary\immediateRender.inl">
      <Filter>Header Files\auxiliary</Filter>
    </None>
    <None Include="..\..\src\barriers\subpassDependency.inl">
      <Filter>Header Files\barriers</Filter>
    </None>
    <None Include="..\..\src\barriers\subpassDependency2.inl">
      <Filter>Header Files\barriers</Filter>
    </None>
    <None Include="..\..\src\descriptors\bufferDescriptor.inl">
      <Filter>Header Files\descriptors</Filter>
    </None>
    <None Include="..\..\src\descriptors\bufferDescriptorArray.inl">
      <Filter>Header Files\descriptors</Filter>
    </None>
    <None Include="..\..\src\descriptors\imageDescriptor.inl">
      <Filter>Header Files\descriptors</Filter>
    </None>
    <None Include="..\..\src\descriptors\imageDescriptorArray.inl">
      <Filter>Header Files\descriptors</Filter>
    </None>
    <None Include="..\..\src\descriptors\inlineUniformBlock.inl">
      <Filter>Header Files\descriptors</Filter>
    </None>
    <None Include="..\..\src\helpers\alignedUniformArray.inl">
      <Filter>Header Files\helpers</Filter>
    </None>
    <None Include="..\..\src\helpers\uniformArray.inl">
      <Filter>Header Files\helpers</Filter>
    </None>
    <None Include="..\..\src\misc\borderColor.inl">
      <Filter>Header Files\misc</Filter>
    </None>
    <None Include="..\..\src\misc\clearAttachment.inl">
      <Filter>Header Files\misc</Filter>
    </None>
    <None Include="..\..\src\misc\clearValue.inl">
      <Filter>Header Files\misc</Filter>
    </None>
    <None Include="..\..\src\misc\extension.inl">
      <Filter>Header Files\misc</Filter>
    </None>
    <None Include="..\..\src\misc\format.inl">
      <Filter>Header Files\misc</Filter>
    </None>
    <None Include="..\..\src\misc\imageSubresourceRange.inl">
      <Filter>Header Files\misc</Filter>
    </None>
    <None Include="..\..\src\misc\pushConstantRange.inl">
      <Filter>Header Files\misc</Filter>
    </None>
    <None Include="..\..\src\misc\scissor.inl">
      <Filter>Header Files\misc</Filter>
    </None>
    <None Include="..\..\src\misc\viewport.inl">
      <Filter>Header Files\misc</Filter>
    </None>
    <None Include="..\..\src\packed\b4g4r4a4unorm.inl">
      <Filter>Header Files\packed</Filter>
    </None>
    <None Include="..\..\src\packed\b5g5r5a1unorm.inl">
      <Filter>Header Files\packed</Filter>
    </None>
    <None Include="..\..\src\packed\b5g6r5unorm.inl">
      <Filter>Header Files\packed</Filter>
    </None>
    <None Include="..\..\src\packed\r4g4b4a4unorm.inl">
      <Filter>Header Files\packed</Filter>
    </None>
    <None Include="..\..\src\packed\r5g5b5a1unorm.inl">
      <Filter>Header Files\packed</Filter>
    </None>
    <None Include="..\..\src\packed\r5g6b5unorm.inl">
      <Filter>Header Files\packed</Filter>
    </None>
    <None Include="..\..\src\packed\r9g9b9e5ufloat.inl">
      <Filter>Header Files\packed</Filter>
    </None>
    <None Include="..\..\src\packed\x10y10z10w2snorm.inl">
      <Filter>Header Files\packed</Filter>
    </None>
    <None Include="..\..\src\packed\x10y10z10w2unorm.inl">
      <Filter>Header Files\packed</Filter>
    </None>
    <None Include="..\..\src\renderpass\attachment.inl">
      <Filter>Header Files\renderpass</Filter>
    </None>
    <None Include="..\..\src\shaders\specialization.inl">
      <Filter>Header Files\shaders</Filter>
    </None>
    <None Include="..\..\src\states\colorBlendAttachmentState.inl">
      <Filter>Header Files\states</Filter>
    </None>
    <None Include="..\..\src\states\colorBlendState.inl">
      <Filter>Header Files\states</Filter>
    </None>
    <None Include="..\..\src\states\colorBlendStateAdvanced.inl">
      <Filter>Header Files\states</Filter>
    </None>
    <None Include="..\..\src\states\conservativeRasterizationState.inl">
      <Filter>Header Files\states</Filter>
    </None>
    <None Include="..\..\src\states\depthComparisonSamplerState.inl">
      <Filter>Header Files\states</Filter>
    </None>
    <None Include="..\..\src\states\depthStencilState.inl">
      <Filter>Header Files\states</Filter>
    </None>
    <None Include="..\..\src\states\inputAssemblyState.inl">
      <Filter>Header Files\states</Filter>
    </None>
    <None Include="..\..\src\states\lineRasterizationState.inl">
      <Filter>Header Files\states</Filter>
    </None>
    <None Include="..\..\src\states\minmaxSamplerState.inl">
      <Filter>Header Files\states</Filter>
    </None>
    <None Include="..\..\src\states\multisampleCoverageReductionState.inl">
      <Filter>Header Files\states</Filter>
    </None>
    <None Include="..\..\src\states\multisampleState.inl">
      <Filter>Header Files\states</Filter>
    </None>
    <None Include="..\..\src\states\provokingVertexState.inl">
      <Filter>Header Files\states</Filter>
    </None>
    <None Include="..\..\src\states\rasterizationOrderState.inl">
      <Filter>Header Files\states</Filter>
    </None>
    <None Include="..\..\src\states\rasterizationState.inl">
      <Filter>Header Files\states</Filter>
    </None>
    <None Include="..\..\src\states\samplerState.inl">
      <Filter>Header Files\states</Filter>
    </None>
    <None Include="..\..\src\states\samplerYcbcrConversionState.inl">
      <Filter>Header Files\states</Filter>
    </None>
    <None Include="..\..\src\states\streamRasterizationState.inl">
      <Filter>Header Files\states</Filter>
    </None>
    <None Include="..\..\src\states\tesselationState.inl">
      <Filter>Header Files\states</Filter>
    </None>
    <None Include="..\..\src\states\vertexAttributeType.inl">
      <Filter>Header Files\states</Filter>
    </None>
    <None Include="..\..\src\states\vertexInputState.inl">
      <Filter>Header Files\states</Filter>
    </None>
    <None Include="..\..\src\states\vertexInputStructure.inl">
      <Filter>Header Files\states</Filter>
    </None>
    <None Include="..\..\src\misc\imageResolve.inl">
      <Filter>Header Files\misc</Filter>
    </None>
    <None Include="..\..\src\objects\renderPass.inl">
      <Filter>Header Files\objects</Filter>
    </None>
    <None Include="..\..\src\misc\structureChainNode.inl">
      <Filter>Header Files\misc</Filter>
    </None>
    <None Include="..\..\src\misc\structureChain.inl">
      <Filter>Header Files\misc</Filter>
    </None>
    <None Include="..\..\src\objects\deviceResourcePool.inl">
      <Filter>Header Files\objects</Filter>
    </None>
    <None Include="..\..\src\objects\image.inl">
      <Filter>Header Files\objects</Filter>
    </None>
    <None Include="..\..\src\descriptors\descriptorSetLayoutBinding.inl">
      <Filter>Header Files\descriptors</Filter>
    </None>
    <None Include="..\..\src\descriptors\bufferArrayElement.inl">
      <Filter>Header Files\descriptors</Filter>
    </None>
    <None Include="..\..\src\descriptors\imageArrayElement.inl">
      <Filter>Header Files\descriptors</Filter>
    </None>
    <None Include="..\..\src\raytracing\accelerationStructureGeometry.inl">
      <Filter>Header Files\raytracing</Filter>
    </None>
    <None Include="..\..\src\shaders\rayTracingShaderGroup.inl">
      <Filter>Header Files\shaders</Filter>
    </None>
    <None Include="..\..\src\raytracing\accelerationStructureInstance.inl">
      <Filter>Header Files\raytracing</Filter>
    </None>
    <None Include="..\..\src\objects\accelerationStructureInstanceBuffer.inl">
      <Filter>Header Files\objects</Filter>
    </None>
    <None Include="..\..\src\barriers\bufferMemoryBarrier.inl">
      <Filter>Header Files\barriers</Filter>
    </None>
    <None Include="..\..\src\shaders\shaderBindingTable.inl">
      <Filter>Header Files\shaders</Filter>
    </None>
    <None Include="..\..\src\core\memory.inl">
      <Filter>Header Files\core</Filter>
    </None>
    <None Include="..\..\src\core\hash.inl">
      <Filter>Header Files\core</Filter>
    </None>
    <None Include="..\..\src\raytracing\address.inl">
      <Filter>Header Files\raytracing</Filter>
    </None>
    <None Include="..\..\src\objects\indexBuffer.inl">
      <Filter>Header Files\objects</Filter>
    </None>
    <None Include="..\..\src\objects\model\dispatchable.inl">
      <Filter>Header Files\objects\model</Filter>
    </None>
    <None Include="..\..\src\objects\model\nondispatchable.inl">
      <Filter>Header Files\objects\model</Filter>
    </None>
    <None Include="..\..\src\objects\model\object.inl">
      <Filter>Header Files\objects\model</Filter>
    </None>
    <None Include="..\..\src\packed\x11y11z10ufloat.inl">
      <Filter>Header Files\packed</Filter>
    </None>
    <None Include="..\..\src\descriptors\imageDescriptorVariableArray.inl">
      <Filter>Header Files\descriptors</Filter>
    </None>
    <None Include="..\..\src\objects\imageView.inl">
      <Filter>Header Files\objects</Filter>
    </None>
    <None Include="..\..\src\objects\bufferView.inl">
      <Filter>Header Files\objects</Filter>
    </None>
    <None Include="..\..\src\objects\leanCommandBuffer.inl">
      <Filter>Header Files\objects</Filter>
    </None>
    <None Include="..\..\src\core\core.inl">
      <Filter>Header Files\core</Filter>
    </None>
    <None Include="..\..\src\states\stencilOpState.inl">
      <Filter>Header Files\states</Filter>
    </None>
    <None Include="..\..\src\extensions\extensionRegistry.inl">
      <Filter>Header Files\extensions</Filter>
    </None>
    <None Include="..\..\src\core\lentPtr.inl">
      <Filter>Header Files\core</Filter>
    </None>
    <None Include="..\..\src\core\variantPtr.inl">
      <Filter>Header Files\core</Filter>
    </None>
    <None Include="..\..\src\objects\descriptorSet.inl">
      <Filter>Header Files\objects</Filter>
    </None>
    <None Include="..\..\src\objects\variableCountDescriptorSet.inl">
      <Filter>Header Files\objects</Filter>
    </None>
    <None Include="..\..\src\renderpass\subpass.inl">
      <Filter>Header Files\renderpass</Filter>
    </None>
    <None Include="..\..\src\core\spinlock.inl">
      <Filter>Header Files\core</Filter>
    </None>
    <None Include="..\..\src\exceptions\exception.inl">
      <Filter>Header Files\exceptions</Filter>
    </None>
  </ItemGroup>
  <ItemGroup>
    <CustomBuild Include="..\..\src\auxiliary\spirv\blit.frag">
      <Filter>Source Files\auxiliary\spirv</Filter>
    </CustomBuild>
    <CustomBuild Include="..\..\src\auxiliary\spirv\blit.vert">
      <Filter>Source Files\auxiliary\spirv</Filter>
    </CustomBuild>
    <CustomBuild Include="..\..\src\auxiliary\spirv\font.frag">
      <Filter>Source Files\auxiliary\spirv</Filter>
    </CustomBuild>
    <CustomBuild Include="..\..\src\auxiliary\spirv\imm.frag">
      <Filter>Source Files\auxiliary\spirv</Filter>
    </CustomBuild>
    <CustomBuild Include="..\..\src\auxiliary\spirv\imm.vert">
      <Filter>Source Files\auxiliary\spirv</Filter>
    </CustomBuild>
  </ItemGroup>
</Project>