<?xml version="1.0" encoding="utf-8"?>
<Project ToolsVersion="4.0" xmlns="http://schemas.microsoft.com/developer/msbuild/2003">
  <ItemGroup>
    <Filter Include="Source Files">
      <UniqueIdentifier>{4FC737F1-C7A5-4376-A066-2A32D752A2FF}</UniqueIdentifier>
      <Extensions>cpp;c;cc;cxx;def;odl;idl;hpj;bat;asm;asmx</Extensions>
    </Filter>
    <Filter Include="Header Files">
      <UniqueIdentifier>{93995380-89BD-4b04-88EB-625FBE52EBFB}</UniqueIdentifier>
      <Extensions>h;hh;hpp;hxx;hm;inl;inc;xsd</Extensions>
    </Filter>
    <Filter Include="Resource Files">
      <UniqueIdentifier>{67DA6AB6-F800-4c08-8B7A-83BB121AAD01}</UniqueIdentifier>
      <Extensions>rc;ico;cur;bmp;dlg;rc2;rct;bin;rgs;gif;jpg;jpeg;jpe;resx;tiff;tif;png;wav;mfcribbon-ms</Extensions>
    </Filter>
    <Filter Include="Header Files\helpers">
      <UniqueIdentifier>{72f344af-9f3c-43f1-a3c3-7696ec4d74d9}</UniqueIdentifier>
    </Filter>
    <Filter Include="Header Files\descriptors">
      <UniqueIdentifier>{1ac4c178-aa1f-4c29-b9c3-f4c91710f4a4}</UniqueIdentifier>
    </Filter>
    <Filter Include="Header Files\misc">
      <UniqueIdentifier>{db3072c6-6b29-44fe-ab4c-5c937bee94d5}</UniqueIdentifier>
    </Filter>
    <Filter Include="Header Files\objects">
      <UniqueIdentifier>{f137829a-da99-4db7-a7be-41fb6495088b}</UniqueIdentifier>
    </Filter>
    <Filter Include="Header Files\states">
      <UniqueIdentifier>{ce6079b5-51ba-4de3-adb5-ccaf56222e03}</UniqueIdentifier>
    </Filter>
    <Filter Include="Source Files\descriptors">
      <UniqueIdentifier>{14d36308-a555-4c4f-a1e2-29db2f66f7bd}</UniqueIdentifier>
    </Filter>
    <Filter Include="Source Files\misc">
      <UniqueIdentifier>{bb060b2e-51d3-43f7-8e1e-8d27591b49a2}</UniqueIdentifier>
    </Filter>
    <Filter Include="Source Files\objects">
      <UniqueIdentifier>{2b2faf77-e115-4398-9e5c-a502c4ac7c09}</UniqueIdentifier>
    </Filter>
    <Filter Include="Source Files\states">
      <UniqueIdentifier>{7f21c3be-9580-415f-a719-ae5de612389d}</UniqueIdentifier>
    </Filter>
    <Filter Include="Header Files\allocator">
      <UniqueIdentifier>{5c6e002d-488d-4884-b8a0-de93c4efe8a1}</UniqueIdentifier>
    </Filter>
    <Filter Include="Source Files\allocator">
      <UniqueIdentifier>{9b6625c6-3df9-4388-b570-e80682bb98e5}</UniqueIdentifier>
    </Filter>
    <Filter Include="Header Files\barriers">
      <UniqueIdentifier>{99a7312e-d495-48a7-a049-fb8ef8956478}</UniqueIdentifier>
    </Filter>
    <Filter Include="Source Files\barriers">
      <UniqueIdentifier>{28129b9e-4bba-4ac8-bb73-fb88bdd4dde7}</UniqueIdentifier>
    </Filter>
    <Filter Include="Source Files\helpers">
      <UniqueIdentifier>{7a0e31f0-28af-45c3-bc57-ae2bb5449010}</UniqueIdentifier>
    </Filter>
    <Filter Include="Header Files\auxiliary">
      <UniqueIdentifier>{e443ec01-9915-4632-855f-2e3b70d9961d}</UniqueIdentifier>
    </Filter>
    <Filter Include="Source Files\auxiliary">
      <UniqueIdentifier>{7b01e8e4-37b6-4a4b-9d34-d136e8862483}</UniqueIdentifier>
    </Filter>
    <Filter Include="Source Files\auxiliary\spirv">
      <UniqueIdentifier>{c3b02838-c559-4057-8d22-d9cdadfb5920}</UniqueIdentifier>
    </Filter>
    <Filter Include="Header Files\api">
      <UniqueIdentifier>{998d6151-609b-4dd4-ba47-8b056f2cc48c}</UniqueIdentifier>
    </Filter>
    <Filter Include="Header Files\internal">
      <UniqueIdentifier>{f51a856c-0dcd-4f37-84ac-03b251d1ddc9}</UniqueIdentifier>
    </Filter>
    <Filter Include="Source Files\internal">
      <UniqueIdentifier>{c5068743-cbd8-4456-a41b-fc0d8e3e041b}</UniqueIdentifier>
    </Filter>
  </ItemGroup>
  <ItemGroup>
    <ClInclude Include="..\..\allocator\allocator.h">
      <Filter>Header Files\allocator</Filter>
    </ClInclude>
    <ClInclude Include="..\..\allocator\objectAllocator.h">
      <Filter>Header Files\allocator</Filter>
    </ClInclude>
    <ClInclude Include="..\..\auxiliary\blitRectangle.h">
      <Filter>Header Files\auxiliary</Filter>
    </ClInclude>
    <ClInclude Include="..\..\auxiliary\framebuffers.h">
      <Filter>Header Files\auxiliary</Filter>
    </ClInclude>
    <ClInclude Include="..\..\auxiliary\immediateRender.h">
      <Filter>Header Files\auxiliary</Filter>
    </ClInclude>
    <ClInclude Include="..\..\auxiliary\mipmapGenerator.h">
      <Filter>Header Files\auxiliary</Filter>
    </ClInclude>
    <ClInclude Include="..\..\auxiliary\shaderCompiler.h">
      <Filter>Header Files\auxiliary</Filter>
    </ClInclude>
    <ClInclude Include="..\..\barriers\bufferMemoryBarrier.h">
      <Filter>Header Files\barriers</Filter>
    </ClInclude>
    <ClInclude Include="..\..\barriers\globalMemoryBarrier.h">
      <Filter>Header Files\barriers</Filter>
    </ClInclude>
    <ClInclude Include="..\..\barriers\imageMemoryBarrier.h">
      <Filter>Header Files\barriers</Filter>
    </ClInclude>
    <ClInclude Include="..\..\descriptors\attachment.h">
      <Filter>Header Files\descriptors</Filter>
    </ClInclude>
    <ClInclude Include="..\..\descriptors\bindings.h">
      <Filter>Header Files\descriptors</Filter>
    </ClInclude>
    <ClInclude Include="..\..\descriptors\descriptors.h">
      <Filter>Header Files\descriptors</Filter>
    </ClInclude>
    <ClInclude Include="..\..\descriptors\subpass.h">
      <Filter>Header Files\descriptors</Filter>
    </ClInclude>
    <ClInclude Include="..\..\helpers\alignedUniformArray.h">
      <Filter>Header Files\helpers</Filter>
    </ClInclude>
    <ClInclude Include="..\..\helpers\mapScoped.h">
      <Filter>Header Files\helpers</Filter>
    </ClInclude>
    <ClInclude Include="..\..\helpers\stackArray.h">
      <Filter>Header Files\helpers</Filter>
    </ClInclude>
    <ClInclude Include="..\..\helpers\stringize.h">
      <Filter>Header Files\helpers</Filter>
    </ClInclude>
    <ClInclude Include="..\..\helpers\uniformArray.h">
      <Filter>Header Files\helpers</Filter>
    </ClInclude>
    <ClInclude Include="..\..\misc\clearAttachment.h">
      <Filter>Header Files\misc</Filter>
    </ClInclude>
    <ClInclude Include="..\..\misc\clearValue.h">
      <Filter>Header Files\misc</Filter>
    </ClInclude>
    <ClInclude Include="..\..\misc\deviceExtension.h">
      <Filter>Header Files\misc</Filter>
    </ClInclude>
    <ClInclude Include="..\..\misc\deviceQueueDesc.h">
      <Filter>Header Files\misc</Filter>
    </ClInclude>
    <ClInclude Include="..\..\misc\exception.h">
      <Filter>Header Files\misc</Filter>
    </ClInclude>
    <ClInclude Include="..\..\misc\extensions.h">
      <Filter>Header Files\misc</Filter>
    </ClInclude>
    <ClInclude Include="..\..\misc\format.h">
      <Filter>Header Files\misc</Filter>
    </ClInclude>
    <ClInclude Include="..\..\misc\geometry.h">
      <Filter>Header Files\misc</Filter>
    </ClInclude>
    <ClInclude Include="..\..\misc\imageSubresourceRange.h">
      <Filter>Header Files\misc</Filter>
    </ClInclude>
    <ClInclude Include="..\..\misc\instanceExtension.h">
      <Filter>Header Files\misc</Filter>
    </ClInclude>
    <ClInclude Include="..\..\misc\pushConstants.h">
      <Filter>Header Files\misc</Filter>
    </ClInclude>
    <ClInclude Include="..\..\misc\scissor.h">
      <Filter>Header Files\misc</Filter>
    </ClInclude>
    <ClInclude Include="..\..\misc\scopedDebugMarker.h">
      <Filter>Header Files\misc</Filter>
    </ClInclude>
    <ClInclude Include="..\..\misc\viewport.h">
      <Filter>Header Files\misc</Filter>
    </ClInclude>
    <ClInclude Include="..\..\objects\accelerationStructure.h">
      <Filter>Header Files\objects</Filter>
    </ClInclude>
    <ClInclude Include="..\..\objects\buffer.h">
      <Filter>Header Files\objects</Filter>
    </ClInclude>
    <ClInclude Include="..\..\objects\bufferView.h">
      <Filter>Header Files\objects</Filter>
    </ClInclude>
    <ClInclude Include="..\..\objects\commandBuffer.h">
      <Filter>Header Files\objects</Filter>
    </ClInclude>
    <ClInclude Include="..\..\objects\commandPool.h">
      <Filter>Header Files\objects</Filter>
    </ClInclude>
    <ClInclude Include="..\..\objects\conditionalRenderingBuffer.h">
      <Filter>Header Files\objects</Filter>
    </ClInclude>
    <ClInclude Include="..\..\objects\debugReportCallback.h">
      <Filter>Header Files\objects</Filter>
    </ClInclude>
    <ClInclude Include="..\..\objects\debugUtilsMessenger.h">
      <Filter>Header Files\objects</Filter>
    </ClInclude>
    <ClInclude Include="..\..\objects\descriptorPool.h">
      <Filter>Header Files\objects</Filter>
    </ClInclude>
    <ClInclude Include="..\..\objects\descriptorSet.h">
      <Filter>Header Files\objects</Filter>
    </ClInclude>
    <ClInclude Include="..\..\objects\descriptorSetLayout.h">
      <Filter>Header Files\objects</Filter>
    </ClInclude>
    <ClInclude Include="..\..\objects\device.h">
      <Filter>Header Files\objects</Filter>
    </ClInclude>
    <ClInclude Include="..\..\objects\deviceMemory.h">
      <Filter>Header Files\objects</Filter>
    </ClInclude>
    <ClInclude Include="..\..\objects\display.h">
      <Filter>Header Files\objects</Filter>
    </ClInclude>
    <ClInclude Include="..\..\objects\displayMode.h">
      <Filter>Header Files\objects</Filter>
    </ClInclude>
    <ClInclude Include="..\..\objects\dstTransferBuffer.h">
      <Filter>Header Files\objects</Filter>
    </ClInclude>
    <ClInclude Include="..\..\objects\event.h">
      <Filter>Header Files\objects</Filter>
    </ClInclude>
    <ClInclude Include="..\..\objects\fence.h">
      <Filter>Header Files\objects</Filter>
    </ClInclude>
    <ClInclude Include="..\..\objects\framebuffer.h">
      <Filter>Header Files\objects</Filter>
    </ClInclude>
    <ClInclude Include="..\..\objects\handle.h">
      <Filter>Header Files\objects</Filter>
    </ClInclude>
    <ClInclude Include="..\..\objects\image.h">
      <Filter>Header Files\objects</Filter>
    </ClInclude>
    <ClInclude Include="..\..\objects\image1D.h">
      <Filter>Header Files\objects</Filter>
    </ClInclude>
    <ClInclude Include="..\..\objects\image1DArray.h">
      <Filter>Header Files\objects</Filter>
    </ClInclude>
    <ClInclude Include="..\..\objects\image2D.h">
      <Filter>Header Files\objects</Filter>
    </ClInclude>
    <ClInclude Include="..\..\objects\image2DArray.h">
      <Filter>Header Files\objects</Filter>
    </ClInclude>
    <ClInclude Include="..\..\objects\image3D.h">
      <Filter>Header Files\objects</Filter>
    </ClInclude>
    <ClInclude Include="..\..\objects\imageCube.h">
      <Filter>Header Files\objects</Filter>
    </ClInclude>
    <ClInclude Include="..\..\objects\imageView.h">
      <Filter>Header Files\objects</Filter>
    </ClInclude>
    <ClInclude Include="..\..\objects\indexBuffer.h">
      <Filter>Header Files\objects</Filter>
    </ClInclude>
    <ClInclude Include="..\..\objects\indirectBuffer.h">
      <Filter>Header Files\objects</Filter>
    </ClInclude>
    <ClInclude Include="..\..\objects\instance.h">
      <Filter>Header Files\objects</Filter>
    </ClInclude>
    <ClInclude Include="..\..\objects\object.h">
      <Filter>Header Files\objects</Filter>
    </ClInclude>
    <ClInclude Include="..\..\objects\physicalDevice.h">
      <Filter>Header Files\objects</Filter>
    </ClInclude>
    <ClInclude Include="..\..\objects\pipeline.h">
      <Filter>Header Files\objects</Filter>
    </ClInclude>
    <ClInclude Include="..\..\objects\pipelineCache.h">
      <Filter>Header Files\objects</Filter>
    </ClInclude>
    <ClInclude Include="..\..\objects\pipelineLayout.h">
      <Filter>Header Files\objects</Filter>
    </ClInclude>
    <ClInclude Include="..\..\objects\queryPool.h">
      <Filter>Header Files\objects</Filter>
    </ClInclude>
    <ClInclude Include="..\..\objects\queue.h">
      <Filter>Header Files\objects</Filter>
    </ClInclude>
    <ClInclude Include="..\..\objects\raytracingBuffer.h">
      <Filter>Header Files\objects</Filter>
    </ClInclude>
    <ClInclude Include="..\..\objects\renderPass.h">
      <Filter>Header Files\objects</Filter>
    </ClInclude>
    <ClInclude Include="..\..\objects\sampler.h">
      <Filter>Header Files\objects</Filter>
    </ClInclude>
    <ClInclude Include="..\..\objects\semaphore.h">
      <Filter>Header Files\objects</Filter>
    </ClInclude>
    <ClInclude Include="..\..\objects\shaderModule.h">
      <Filter>Header Files\objects</Filter>
    </ClInclude>
    <ClInclude Include="..\..\objects\shaderStages.h">
      <Filter>Header Files\objects</Filter>
    </ClInclude>
    <ClInclude Include="..\..\objects\shaderStagesRaytrace.h">
      <Filter>Header Files\objects</Filter>
    </ClInclude>
    <ClInclude Include="..\..\objects\srcTransferBuffer.h">
      <Filter>Header Files\objects</Filter>
    </ClInclude>
    <ClInclude Include="..\..\objects\storageBuffer.h">
      <Filter>Header Files\objects</Filter>
    </ClInclude>
    <ClInclude Include="..\..\objects\storageTexelBuffer.h">
      <Filter>Header Files\objects</Filter>
    </ClInclude>
    <ClInclude Include="..\..\objects\surface.h">
      <Filter>Header Files\objects</Filter>
    </ClInclude>
    <ClInclude Include="..\..\objects\swapchain.h">
      <Filter>Header Files\objects</Filter>
    </ClInclude>
    <ClInclude Include="..\..\objects\uniformBuffer.h">
      <Filter>Header Files\objects</Filter>
    </ClInclude>
    <ClInclude Include="..\..\objects\uniformTexelBuffer.h">
      <Filter>Header Files\objects</Filter>
    </ClInclude>
    <ClInclude Include="..\..\objects\vertexBuffer.h">
      <Filter>Header Files\objects</Filter>
    </ClInclude>
    <ClInclude Include="..\..\states\colorBlendState.h">
      <Filter>Header Files\states</Filter>
    </ClInclude>
    <ClInclude Include="..\..\states\depthStencilState.h">
      <Filter>Header Files\states</Filter>
    </ClInclude>
    <ClInclude Include="..\..\states\inputAssemblyState.h">
      <Filter>Header Files\states</Filter>
    </ClInclude>
    <ClInclude Include="..\..\states\multisampleState.h">
      <Filter>Header Files\states</Filter>
    </ClInclude>
    <ClInclude Include="..\..\states\rasterizationState.h">
      <Filter>Header Files\states</Filter>
    </ClInclude>
    <ClInclude Include="..\..\states\samplerState.h">
      <Filter>Header Files\states</Filter>
    </ClInclude>
    <ClInclude Include="..\..\states\tesselationState.h">
      <Filter>Header Files\states</Filter>
    </ClInclude>
    <ClInclude Include="..\..\states\vertexInputState.h">
      <Filter>Header Files\states</Filter>
    </ClInclude>
    <ClInclude Include="..\..\states\viewportState.h">
      <Filter>Header Files\states</Filter>
    </ClInclude>
    <ClInclude Include="..\..\api\vulkan.h">
      <Filter>Header Files\api</Filter>
    </ClInclude>
    <ClInclude Include="..\..\internal\nonCopyable.h">
      <Filter>Header Files\internal</Filter>
    </ClInclude>
    <ClInclude Include="..\..\internal\refCountChecker.h">
      <Filter>Header Files\internal</Filter>
    </ClInclude>
    <ClInclude Include="..\..\internal\shared.h">
      <Filter>Header Files\internal</Filter>
    </ClInclude>
    <ClInclude Include="..\..\magma.h">
      <Filter>Header Files</Filter>
    </ClInclude>
    <ClInclude Include="..\..\internal\allocable.h">
      <Filter>Header Files\internal</Filter>
    </ClInclude>
    <ClInclude Include="..\..\internal\copyMemory.h">
      <Filter>Header Files\internal</Filter>
    </ClInclude>
    <ClInclude Include="..\..\internal\zeroMemory.h">
      <Filter>Header Files\internal</Filter>
    </ClInclude>
    <ClInclude Include="..\..\internal\copy.h">
      <Filter>Header Files\internal</Filter>
    </ClInclude>
    <ClInclude Include="..\..\internal\hash.h">
      <Filter>Header Files\internal</Filter>
    </ClInclude>
    <ClInclude Include="..\..\internal\compareArrays.h">
      <Filter>Header Files\internal</Filter>
    </ClInclude>
    <ClInclude Include="..\..\helpers\executeCommandBuffer.h">
      <Filter>Header Files\helpers</Filter>
    </ClInclude>
  </ItemGroup>
  <ItemGroup>
    <ClCompile Include="..\..\allocator\allocator.cpp">
      <Filter>Source Files\allocator</Filter>
    </ClCompile>
    <ClCompile Include="..\..\auxiliary\blitRectangle.cpp">
      <Filter>Source Files\auxiliary</Filter>
    </ClCompile>
    <ClCompile Include="..\..\auxiliary\framebuffers.cpp">
      <Filter>Source Files\auxiliary</Filter>
    </ClCompile>
    <ClCompile Include="..\..\auxiliary\immediateRender.cpp">
      <Filter>Source Files\auxiliary</Filter>
    </ClCompile>
    <ClCompile Include="..\..\auxiliary\mipmapGenerator.cpp">
      <Filter>Source Files\auxiliary</Filter>
    </ClCompile>
    <ClCompile Include="..\..\auxiliary\shaderCompiler.cpp">
      <Filter>Source Files\auxiliary</Filter>
    </ClCompile>
    <ClCompile Include="..\..\barriers\bufferMemoryBarrier.cpp">
      <Filter>Source Files\barriers</Filter>
    </ClCompile>
    <ClCompile Include="..\..\barriers\globalMemoryBarrier.cpp">
      <Filter>Source Files\barriers</Filter>
    </ClCompile>
    <ClCompile Include="..\..\barriers\imageMemoryBarrier.cpp">
      <Filter>Source Files\barriers</Filter>
    </ClCompile>
    <ClCompile Include="..\..\descriptors\attachment.cpp">
      <Filter>Source Files\descriptors</Filter>
    </ClCompile>
    <ClCompile Include="..\..\descriptors\subpass.cpp">
      <Filter>Source Files\descriptors</Filter>
    </ClCompile>
    <ClCompile Include="..\..\helpers\stringize.cpp">
      <Filter>Source Files\helpers</Filter>
    </ClCompile>
    <ClCompile Include="..\..\misc\clearValue.cpp">
      <Filter>Source Files\misc</Filter>
    </ClCompile>
    <ClCompile Include="..\..\misc\deviceQueueDesc.cpp">
      <Filter>Source Files\misc</Filter>
    </ClCompile>
    <ClCompile Include="..\..\misc\exception.cpp">
      <Filter>Source Files\misc</Filter>
    </ClCompile>
    <ClCompile Include="..\..\misc\extensions.cpp">
      <Filter>Source Files\misc</Filter>
    </ClCompile>
    <ClCompile Include="..\..\misc\format.cpp">
      <Filter>Source Files\misc</Filter>
    </ClCompile>
    <ClCompile Include="..\..\misc\geometry.cpp">
      <Filter>Source Files\misc</Filter>
    </ClCompile>
    <ClCompile Include="..\..\misc\scopedDebugMarker.cpp">
      <Filter>Source Files\misc</Filter>
    </ClCompile>
    <ClCompile Include="..\..\states\colorBlendState.cpp">
      <Filter>Source Files\states</Filter>
    </ClCompile>
    <ClCompile Include="..\..\states\multisampleState.cpp">
      <Filter>Source Files\states</Filter>
    </ClCompile>
    <ClCompile Include="..\..\states\vertexInputState.cpp">
      <Filter>Source Files\states</Filter>
    </ClCompile>
    <ClCompile Include="..\..\states\viewportState.cpp">
      <Filter>Source Files\states</Filter>
    </ClCompile>
    <ClCompile Include="..\..\objects\accelerationStructure.cpp">
      <Filter>Source Files\objects</Filter>
    </ClCompile>
    <ClCompile Include="..\..\objects\buffer.cpp">
      <Filter>Source Files\objects</Filter>
    </ClCompile>
    <ClCompile Include="..\..\objects\bufferView.cpp">
      <Filter>Source Files\objects</Filter>
    </ClCompile>
    <ClCompile Include="..\..\objects\commandBuffer.cpp">
      <Filter>Source Files\objects</Filter>
    </ClCompile>
    <ClCompile Include="..\..\objects\commandBufferDebug.cpp">
      <Filter>Source Files\objects</Filter>
    </ClCompile>
    <ClCompile Include="..\..\objects\commandPool.cpp">
      <Filter>Source Files\objects</Filter>
    </ClCompile>
    <ClCompile Include="..\..\objects\conditionalRenderingBuffer.cpp">
      <Filter>Source Files\objects</Filter>
    </ClCompile>
    <ClCompile Include="..\..\objects\debugReportCallback.cpp">
      <Filter>Source Files\objects</Filter>
    </ClCompile>
    <ClCompile Include="..\..\objects\debugUtilsMessenger.cpp">
      <Filter>Source Files\objects</Filter>
    </ClCompile>
    <ClCompile Include="..\..\objects\descriptorPool.cpp">
      <Filter>Source Files\objects</Filter>
    </ClCompile>
    <ClCompile Include="..\..\objects\descriptorSet.cpp">
      <Filter>Source Files\objects</Filter>
    </ClCompile>
    <ClCompile Include="..\..\objects\descriptorSetLayout.cpp">
      <Filter>Source Files\objects</Filter>
    </ClCompile>
    <ClCompile Include="..\..\objects\device.cpp">
      <Filter>Source Files\objects</Filter>
    </ClCompile>
    <ClCompile Include="..\..\objects\deviceMemory.cpp">
      <Filter>Source Files\objects</Filter>
    </ClCompile>
    <ClCompile Include="..\..\objects\display.cpp">
      <Filter>Source Files\objects</Filter>
    </ClCompile>
    <ClCompile Include="..\..\objects\displayMode.cpp">
      <Filter>Source Files\objects</Filter>
    </ClCompile>
    <ClCompile Include="..\..\objects\dstTransferBuffer.cpp">
      <Filter>Source Files\objects</Filter>
    </ClCompile>
    <ClCompile Include="..\..\objects\event.cpp">
      <Filter>Source Files\objects</Filter>
    </ClCompile>
    <ClCompile Include="..\..\objects\fence.cpp">
      <Filter>Source Files\objects</Filter>
    </ClCompile>
    <ClCompile Include="..\..\objects\framebuffer.cpp">
      <Filter>Source Files\objects</Filter>
    </ClCompile>
    <ClCompile Include="..\..\objects\image.cpp">
      <Filter>Source Files\objects</Filter>
    </ClCompile>
    <ClCompile Include="..\..\objects\image1D.cpp">
      <Filter>Source Files\objects</Filter>
    </ClCompile>
    <ClCompile Include="..\..\objects\image1DArray.cpp">
      <Filter>Source Files\objects</Filter>
    </ClCompile>
    <ClCompile Include="..\..\objects\image2D.cpp">
      <Filter>Source Files\objects</Filter>
    </ClCompile>
    <ClCompile Include="..\..\objects\image2DArray.cpp">
      <Filter>Source Files\objects</Filter>
    </ClCompile>
    <ClCompile Include="..\..\objects\image3D.cpp">
      <Filter>Source Files\objects</Filter>
    </ClCompile>
    <ClCompile Include="..\..\objects\imageCube.cpp">
      <Filter>Source Files\objects</Filter>
    </ClCompile>
    <ClCompile Include="..\..\objects\imageView.cpp">
      <Filter>Source Files\objects</Filter>
    </ClCompile>
    <ClCompile Include="..\..\objects\indexBuffer.cpp">
      <Filter>Source Files\objects</Filter>
    </ClCompile>
    <ClCompile Include="..\..\objects\indirectBuffer.cpp">
      <Filter>Source Files\objects</Filter>
    </ClCompile>
    <ClCompile Include="..\..\objects\instance.cpp">
      <Filter>Source Files\objects</Filter>
    </ClCompile>
    <ClCompile Include="..\..\objects\object.cpp">
      <Filter>Source Files\objects</Filter>
    </ClCompile>
    <ClCompile Include="..\..\objects\physicalDevice.cpp">
      <Filter>Source Files\objects</Filter>
    </ClCompile>
    <ClCompile Include="..\..\objects\pipeline.cpp">
      <Filter>Source Files\objects</Filter>
    </ClCompile>
    <ClCompile Include="..\..\objects\pipelineCache.cpp">
      <Filter>Source Files\objects</Filter>
    </ClCompile>
    <ClCompile Include="..\..\objects\pipelineLayout.cpp">
      <Filter>Source Files\objects</Filter>
    </ClCompile>
    <ClCompile Include="..\..\objects\queryPool.cpp">
      <Filter>Source Files\objects</Filter>
    </ClCompile>
    <ClCompile Include="..\..\objects\queue.cpp">
      <Filter>Source Files\objects</Filter>
    </ClCompile>
    <ClCompile Include="..\..\objects\raytracingBuffer.cpp">
      <Filter>Source Files\objects</Filter>
    </ClCompile>
    <ClCompile Include="..\..\objects\renderPass.cpp">
      <Filter>Source Files\objects</Filter>
    </ClCompile>
    <ClCompile Include="..\..\objects\sampler.cpp">
      <Filter>Source Files\objects</Filter>
    </ClCompile>
    <ClCompile Include="..\..\objects\semaphore.cpp">
      <Filter>Source Files\objects</Filter>
    </ClCompile>
    <ClCompile Include="..\..\objects\shaderModule.cpp">
      <Filter>Source Files\objects</Filter>
    </ClCompile>
    <ClCompile Include="..\..\objects\shaderStages.cpp">
      <Filter>Source Files\objects</Filter>
    </ClCompile>
    <ClCompile Include="..\..\objects\srcTransferBuffer.cpp">
      <Filter>Source Files\objects</Filter>
    </ClCompile>
    <ClCompile Include="..\..\objects\storageBuffer.cpp">
      <Filter>Source Files\objects</Filter>
    </ClCompile>
    <ClCompile Include="..\..\objects\storageTexelBuffer.cpp">
      <Filter>Source Files\objects</Filter>
    </ClCompile>
    <ClCompile Include="..\..\objects\surface.cpp">
      <Filter>Source Files\objects</Filter>
    </ClCompile>
    <ClCompile Include="..\..\objects\swapchain.cpp">
      <Filter>Source Files\objects</Filter>
    </ClCompile>
    <ClCompile Include="..\..\objects\uniformTexelBuffer.cpp">
      <Filter>Source Files\objects</Filter>
    </ClCompile>
    <ClCompile Include="..\..\objects\vertexBuffer.cpp">
      <Filter>Source Files\objects</Filter>
    </ClCompile>
    <ClCompile Include="..\..\internal\allocable.cpp">
      <Filter>Source Files\internal</Filter>
    </ClCompile>
    <ClCompile Include="..\..\helpers\executeCommandBuffer.cpp">
      <Filter>Source Files\helpers</Filter>
    </ClCompile>
    <ClCompile Include="..\..\objects\shaderStagesRaytrace.cpp">
      <Filter>Source Files\objects</Filter>
    </ClCompile>
  </ItemGroup>
  <ItemGroup>
    <None Include="..\..\auxiliary\immediateRender.inl">
      <Filter>Header Files\auxiliary</Filter>
    </None>
    <None Include="..\..\misc\clearAttachment.inl">
      <Filter>Header Files\misc</Filter>
    </None>
    <None Include="..\..\misc\clearValue.inl">
      <Filter>Header Files\misc</Filter>
    </None>
    <None Include="..\..\misc\deviceExtension.inl">
      <Filter>Header Files\misc</Filter>
    </None>
    <None Include="..\..\misc\imageSubresourceRange.inl">
      <Filter>Header Files\misc</Filter>
    </None>
    <None Include="..\..\misc\instanceExtension.inl">
      <Filter>Header Files\misc</Filter>
    </None>
    <None Include="..\..\misc\scissor.inl">
      <Filter>Header Files\misc</Filter>
    </None>
    <None Include="..\..\misc\viewport.inl">
      <Filter>Header Files\misc</Filter>
    </None>
    <None Include="..\..\objects\commandBuffer.inl">
      <Filter>Header Files\objects</Filter>
    </None>
    <None Include="..\..\objects\indexBuffer.inl">
      <Filter>Header Files\objects</Filter>
    </None>
    <None Include="..\..\objects\srcTransferBuffer.inl">
      <Filter>Header Files\objects</Filter>
    </None>
    <None Include="..\..\objects\storageBuffer.inl">
      <Filter>Header Files\objects</Filter>
    </None>
    <None Include="..\..\objects\vertexBuffer.inl">
      <Filter>Header Files\objects</Filter>
    </None>
    <None Include="..\..\states\rasterizationState.inl">
      <Filter>Header Files\states</Filter>
    </None>
    <None Include="..\..\states\samplerState.inl">
      <Filter>Header Files\states</Filter>
    </None>
    <None Include="..\..\states\depthStencilState.inl">
      <Filter>Header Files\states</Filter>
    </None>
    <None Include="..\..\states\inputAssemblyState.inl">
      <Filter>Header Files\states</Filter>
    </None>
    <None Include="..\..\states\multisampleState.inl">
      <Filter>Header Files\states</Filter>
    </None>
    <None Include="..\..\states\tesselationState.inl">
      <Filter>Header Files\states</Filter>
    </None>
    <None Include="..\..\states\colorBlendState.inl">
      <Filter>Header Files\states</Filter>
    </None>
  </ItemGroup>
  <ItemGroup>
    <CustomBuild Include="..\..\auxiliary\spirv\blitv.vert">
      <Filter>Source Files\auxiliary\spirv</Filter>
    </CustomBuild>
    <CustomBuild Include="..\..\auxiliary\spirv\blitf.frag">
      <Filter>Source Files\auxiliary\spirv</Filter>
    </CustomBuild>
    <CustomBuild Include="..\..\auxiliary\spirv\immv.vert">
      <Filter>Source Files\auxiliary\spirv</Filter>
    </CustomBuild>
    <CustomBuild Include="..\..\auxiliary\spirv\immf.frag">
      <Filter>Source Files\auxiliary\spirv</Filter>
    </CustomBuild>
  </ItemGroup>
</Project>